// !$*UTF8*$!
{
	archiveVersion = 1;
	classes = {
	};
	objectVersion = 51;
	objects = {

/* Begin PBXBuildFile section */
		341ABDA62F7F7C876249E199 /* Pods_MarvelCardsTests.framework in Frameworks */ = {isa = PBXBuildFile; fileRef = 74780E0B6BB581A4C36BBAC2 /* Pods_MarvelCardsTests.framework */; };
		6428955A2460AB76005361D0 /* AppDelegate.swift in Sources */ = {isa = PBXBuildFile; fileRef = 642895592460AB76005361D0 /* AppDelegate.swift */; };
		6428955C2460AB76005361D0 /* SceneDelegate.swift in Sources */ = {isa = PBXBuildFile; fileRef = 6428955B2460AB76005361D0 /* SceneDelegate.swift */; };
		642895642460AB76005361D0 /* MarvelCards.xcdatamodeld in Sources */ = {isa = PBXBuildFile; fileRef = 642895622460AB76005361D0 /* MarvelCards.xcdatamodeld */; };
		642895662460AB7B005361D0 /* Assets.xcassets in Resources */ = {isa = PBXBuildFile; fileRef = 642895652460AB7B005361D0 /* Assets.xcassets */; };
		642895692460AB7B005361D0 /* LaunchScreen.storyboard in Resources */ = {isa = PBXBuildFile; fileRef = 642895672460AB7B005361D0 /* LaunchScreen.storyboard */; };
		642895742460AB7B005361D0 /* MarvelCardsTests.swift in Sources */ = {isa = PBXBuildFile; fileRef = 642895732460AB7B005361D0 /* MarvelCardsTests.swift */; };
		6428957F2460AB7B005361D0 /* MarvelCardsUITests.swift in Sources */ = {isa = PBXBuildFile; fileRef = 6428957E2460AB7B005361D0 /* MarvelCardsUITests.swift */; };
		642895932460BBCF005361D0 /* CharactersServiceMarvel.swift in Sources */ = {isa = PBXBuildFile; fileRef = 642895922460BBCF005361D0 /* CharactersServiceMarvel.swift */; };
		642895962460CA8D005361D0 /* Alamofire.framework in Frameworks */ = {isa = PBXBuildFile; fileRef = 642895952460CA8D005361D0 /* Alamofire.framework */; };
		642895972460CA8D005361D0 /* Alamofire.framework in Embed Frameworks */ = {isa = PBXBuildFile; fileRef = 642895952460CA8D005361D0 /* Alamofire.framework */; settings = {ATTRIBUTES = (CodeSignOnCopy, RemoveHeadersOnCopy, ); }; };
		6428959B2460D17D005361D0 /* CharactersModel.swift in Sources */ = {isa = PBXBuildFile; fileRef = 6428959A2460D17D005361D0 /* CharactersModel.swift */; };
		642E74A32470C33300D73D2E /* ComicByHeroID.swift in Sources */ = {isa = PBXBuildFile; fileRef = 642E74A22470C33300D73D2E /* ComicByHeroID.swift */; };
		642E74A52470C3C500D73D2E /* DataByID.swift in Sources */ = {isa = PBXBuildFile; fileRef = 642E74A42470C3C500D73D2E /* DataByID.swift */; };
		642E74A72470C42100D73D2E /* ResultsByID.swift in Sources */ = {isa = PBXBuildFile; fileRef = 642E74A62470C42100D73D2E /* ResultsByID.swift */; };
		642E74A92470C5D000D73D2E /* TextObjectByID.swift in Sources */ = {isa = PBXBuildFile; fileRef = 642E74A82470C5D000D73D2E /* TextObjectByID.swift */; };
		642E74AB2470C72500D73D2E /* URLBydID.swift in Sources */ = {isa = PBXBuildFile; fileRef = 642E74AA2470C72500D73D2E /* URLBydID.swift */; };
		642E74AD2470CE9E00D73D2E /* ComicByIDService.swift in Sources */ = {isa = PBXBuildFile; fileRef = 642E74AC2470CE9E00D73D2E /* ComicByIDService.swift */; };
		643F74EB24735A67001C8F82 /* HeroByIdViewCell.swift in Sources */ = {isa = PBXBuildFile; fileRef = 643F74EA24735A67001C8F82 /* HeroByIdViewCell.swift */; };
		6447FBDD2464B67700C282CF /* UIFont.swift in Sources */ = {isa = PBXBuildFile; fileRef = 6447FBDC2464B67700C282CF /* UIFont.swift */; };
		6447FBDF2464C73000C282CF /* GoogleService-Info.plist in Resources */ = {isa = PBXBuildFile; fileRef = 6447FBDE2464C73000C282CF /* GoogleService-Info.plist */; };
		6447FBE12464CC9A00C282CF /* CreateAccountService.swift in Sources */ = {isa = PBXBuildFile; fileRef = 6447FBE02464CC9A00C282CF /* CreateAccountService.swift */; };
		64506CDF2466E55C00399563 /* LoginViewController.swift in Sources */ = {isa = PBXBuildFile; fileRef = 64506CDE2466E55C00399563 /* LoginViewController.swift */; };
		64506CE12466F1DE00399563 /* CreateAccountView.swift in Sources */ = {isa = PBXBuildFile; fileRef = 64506CE02466F1DE00399563 /* CreateAccountView.swift */; };
		64506CE32466F64A00399563 /* CreateAccountViewController.swift in Sources */ = {isa = PBXBuildFile; fileRef = 64506CE22466F64A00399563 /* CreateAccountViewController.swift */; };
		64506CE52467116200399563 /* HomeView.swift in Sources */ = {isa = PBXBuildFile; fileRef = 64506CE42467116200399563 /* HomeView.swift */; };
		64589CF02461F84C00BC013D /* DataModel.swift in Sources */ = {isa = PBXBuildFile; fileRef = 64589CEF2461F84C00BC013D /* DataModel.swift */; };
		64589CF32461F88F00BC013D /* ResultsModel.swift in Sources */ = {isa = PBXBuildFile; fileRef = 64589CF22461F88F00BC013D /* ResultsModel.swift */; };
		64589CF52461F8B700BC013D /* HeaderInfoModel.swift in Sources */ = {isa = PBXBuildFile; fileRef = 64589CF42461F8B700BC013D /* HeaderInfoModel.swift */; };
		64589CF72461F8DA00BC013D /* ThumbnailModel.swift in Sources */ = {isa = PBXBuildFile; fileRef = 64589CF62461F8DA00BC013D /* ThumbnailModel.swift */; };
		64589CF92461F8F000BC013D /* ComicsModel.swift in Sources */ = {isa = PBXBuildFile; fileRef = 64589CF82461F8F000BC013D /* ComicsModel.swift */; };
		64589CFB2461F91B00BC013D /* ItemsModel.swift in Sources */ = {isa = PBXBuildFile; fileRef = 64589CFA2461F91B00BC013D /* ItemsModel.swift */; };
		64589CFD2461F93E00BC013D /* EventsModel.swift in Sources */ = {isa = PBXBuildFile; fileRef = 64589CFC2461F93E00BC013D /* EventsModel.swift */; };
		64589CFF2461F96900BC013D /* ItemsTypeModel.swift in Sources */ = {isa = PBXBuildFile; fileRef = 64589CFE2461F96900BC013D /* ItemsTypeModel.swift */; };
		64589D012461F98100BC013D /* URLModel.swift in Sources */ = {isa = PBXBuildFile; fileRef = 64589D002461F98100BC013D /* URLModel.swift */; };
		64589D032461F99F00BC013D /* SeriesModel.swift in Sources */ = {isa = PBXBuildFile; fileRef = 64589D022461F99F00BC013D /* SeriesModel.swift */; };
		64589D052461F9B100BC013D /* StoriesModel.swift in Sources */ = {isa = PBXBuildFile; fileRef = 64589D042461F9B100BC013D /* StoriesModel.swift */; };
		64758F79246F8958005ECFC8 /* HeroByIdView.swift in Sources */ = {isa = PBXBuildFile; fileRef = 64758F78246F8958005ECFC8 /* HeroByIdView.swift */; };
		64758F7B246F8999005ECFC8 /* HeroByIDViewController.swift in Sources */ = {isa = PBXBuildFile; fileRef = 64758F7A246F8999005ECFC8 /* HeroByIDViewController.swift */; };
		649774FA24672AC9002E1259 /* HeroesView.swift in Sources */ = {isa = PBXBuildFile; fileRef = 649774F924672AC9002E1259 /* HeroesView.swift */; };
		649774FD24672B4C002E1259 /* HeroesViewController.swift in Sources */ = {isa = PBXBuildFile; fileRef = 649774FC24672B4C002E1259 /* HeroesViewController.swift */; };
		64A34EBF2466E00D0062ED13 /* LoginView.swift in Sources */ = {isa = PBXBuildFile; fileRef = 64A34EBE2466E00D0062ED13 /* LoginView.swift */; };
		64A34EC12466E0340062ED13 /* ReusableView.swift in Sources */ = {isa = PBXBuildFile; fileRef = 64A34EC02466E0340062ED13 /* ReusableView.swift */; };
		64A34EC42466E1FD0062ED13 /* ReusableViewController.swift in Sources */ = {isa = PBXBuildFile; fileRef = 64A34EC32466E1FD0062ED13 /* ReusableViewController.swift */; };
		64B96AD224662A77009C4A11 /* HomeViewController.swift in Sources */ = {isa = PBXBuildFile; fileRef = 64B96AD124662A77009C4A11 /* HomeViewController.swift */; };
		64D8BEC7246A125300D370D3 /* ReusableVerticalCollectionController.swift in Sources */ = {isa = PBXBuildFile; fileRef = 64D8BEC6246A125300D370D3 /* ReusableVerticalCollectionController.swift */; };
		64D8BEC9246A134D00D370D3 /* UIColor.swift in Sources */ = {isa = PBXBuildFile; fileRef = 64D8BEC8246A134D00D370D3 /* UIColor.swift */; };
		64DF6E27246C91EB00FB7194 /* UIImage.swift in Sources */ = {isa = PBXBuildFile; fileRef = 64DF6E26246C91EB00FB7194 /* UIImage.swift */; };
		64EAD4EF2467489E00C224B2 /* HeroesViewCell.swift in Sources */ = {isa = PBXBuildFile; fileRef = 64EAD4EE2467489E00C224B2 /* HeroesViewCell.swift */; };
		64EAD4F224674A9C00C224B2 /* UILabel.swift in Sources */ = {isa = PBXBuildFile; fileRef = 64EAD4F124674A9C00C224B2 /* UILabel.swift */; };
		8C9E82AD0AD2A0478E0C13F8 /* Pods_MarvelCards.framework in Frameworks */ = {isa = PBXBuildFile; fileRef = 794A0B0F0F71B79CC9E42FE4 /* Pods_MarvelCards.framework */; };
		BF15737E2699645A3A6DE5ED /* Pods_MarvelCards_MarvelCardsUITests.framework in Frameworks */ = {isa = PBXBuildFile; fileRef = ECF0997838FA006B1EAE764D /* Pods_MarvelCards_MarvelCardsUITests.framework */; };
/* End PBXBuildFile section */

/* Begin PBXContainerItemProxy section */
		642895702460AB7B005361D0 /* PBXContainerItemProxy */ = {
			isa = PBXContainerItemProxy;
			containerPortal = 6428954E2460AB76005361D0 /* Project object */;
			proxyType = 1;
			remoteGlobalIDString = 642895552460AB76005361D0;
			remoteInfo = MarvelCards;
		};
		6428957B2460AB7B005361D0 /* PBXContainerItemProxy */ = {
			isa = PBXContainerItemProxy;
			containerPortal = 6428954E2460AB76005361D0 /* Project object */;
			proxyType = 1;
			remoteGlobalIDString = 642895552460AB76005361D0;
			remoteInfo = MarvelCards;
		};
/* End PBXContainerItemProxy section */

/* Begin PBXCopyFilesBuildPhase section */
		642895982460CA8D005361D0 /* Embed Frameworks */ = {
			isa = PBXCopyFilesBuildPhase;
			buildActionMask = 2147483647;
			dstPath = "";
			dstSubfolderSpec = 10;
			files = (
				642895972460CA8D005361D0 /* Alamofire.framework in Embed Frameworks */,
			);
			name = "Embed Frameworks";
			runOnlyForDeploymentPostprocessing = 0;
		};
/* End PBXCopyFilesBuildPhase section */

/* Begin PBXFileReference section */
		4647C5F772DBEC193B3D0027 /* Pods-MarvelCardsTests.debug.xcconfig */ = {isa = PBXFileReference; includeInIndex = 1; lastKnownFileType = text.xcconfig; name = "Pods-MarvelCardsTests.debug.xcconfig"; path = "Target Support Files/Pods-MarvelCardsTests/Pods-MarvelCardsTests.debug.xcconfig"; sourceTree = "<group>"; };
		642895562460AB76005361D0 /* MarvelCards.app */ = {isa = PBXFileReference; explicitFileType = wrapper.application; includeInIndex = 0; path = MarvelCards.app; sourceTree = BUILT_PRODUCTS_DIR; };
		642895592460AB76005361D0 /* AppDelegate.swift */ = {isa = PBXFileReference; lastKnownFileType = sourcecode.swift; path = AppDelegate.swift; sourceTree = "<group>"; };
		6428955B2460AB76005361D0 /* SceneDelegate.swift */ = {isa = PBXFileReference; lastKnownFileType = sourcecode.swift; path = SceneDelegate.swift; sourceTree = "<group>"; };
		642895632460AB76005361D0 /* MarvelCards.xcdatamodel */ = {isa = PBXFileReference; lastKnownFileType = wrapper.xcdatamodel; path = MarvelCards.xcdatamodel; sourceTree = "<group>"; };
		642895652460AB7B005361D0 /* Assets.xcassets */ = {isa = PBXFileReference; lastKnownFileType = folder.assetcatalog; path = Assets.xcassets; sourceTree = "<group>"; };
		642895682460AB7B005361D0 /* Base */ = {isa = PBXFileReference; lastKnownFileType = file.storyboard; name = Base; path = Base.lproj/LaunchScreen.storyboard; sourceTree = "<group>"; };
		6428956A2460AB7B005361D0 /* Info.plist */ = {isa = PBXFileReference; lastKnownFileType = text.plist.xml; path = Info.plist; sourceTree = "<group>"; };
		6428956F2460AB7B005361D0 /* MarvelCardsTests.xctest */ = {isa = PBXFileReference; explicitFileType = wrapper.cfbundle; includeInIndex = 0; path = MarvelCardsTests.xctest; sourceTree = BUILT_PRODUCTS_DIR; };
		642895732460AB7B005361D0 /* MarvelCardsTests.swift */ = {isa = PBXFileReference; lastKnownFileType = sourcecode.swift; path = MarvelCardsTests.swift; sourceTree = "<group>"; };
		642895752460AB7B005361D0 /* Info.plist */ = {isa = PBXFileReference; lastKnownFileType = text.plist.xml; path = Info.plist; sourceTree = "<group>"; };
		6428957A2460AB7B005361D0 /* MarvelCardsUITests.xctest */ = {isa = PBXFileReference; explicitFileType = wrapper.cfbundle; includeInIndex = 0; path = MarvelCardsUITests.xctest; sourceTree = BUILT_PRODUCTS_DIR; };
		6428957E2460AB7B005361D0 /* MarvelCardsUITests.swift */ = {isa = PBXFileReference; lastKnownFileType = sourcecode.swift; path = MarvelCardsUITests.swift; sourceTree = "<group>"; };
		642895802460AB7B005361D0 /* Info.plist */ = {isa = PBXFileReference; lastKnownFileType = text.plist.xml; path = Info.plist; sourceTree = "<group>"; };
		642895922460BBCF005361D0 /* CharactersServiceMarvel.swift */ = {isa = PBXFileReference; lastKnownFileType = sourcecode.swift; path = CharactersServiceMarvel.swift; sourceTree = "<group>"; };
		642895952460CA8D005361D0 /* Alamofire.framework */ = {isa = PBXFileReference; lastKnownFileType = wrapper.framework; name = Alamofire.framework; path = Carthage/Build/iOS/Alamofire.framework; sourceTree = "<group>"; };
		6428959A2460D17D005361D0 /* CharactersModel.swift */ = {isa = PBXFileReference; lastKnownFileType = sourcecode.swift; path = CharactersModel.swift; sourceTree = "<group>"; };
		642E74A22470C33300D73D2E /* ComicByHeroID.swift */ = {isa = PBXFileReference; lastKnownFileType = sourcecode.swift; path = ComicByHeroID.swift; sourceTree = "<group>"; };
		642E74A42470C3C500D73D2E /* DataByID.swift */ = {isa = PBXFileReference; lastKnownFileType = sourcecode.swift; path = DataByID.swift; sourceTree = "<group>"; };
		642E74A62470C42100D73D2E /* ResultsByID.swift */ = {isa = PBXFileReference; lastKnownFileType = sourcecode.swift; path = ResultsByID.swift; sourceTree = "<group>"; };
		642E74A82470C5D000D73D2E /* TextObjectByID.swift */ = {isa = PBXFileReference; lastKnownFileType = sourcecode.swift; path = TextObjectByID.swift; sourceTree = "<group>"; };
		642E74AA2470C72500D73D2E /* URLBydID.swift */ = {isa = PBXFileReference; lastKnownFileType = sourcecode.swift; path = URLBydID.swift; sourceTree = "<group>"; };
		642E74AC2470CE9E00D73D2E /* ComicByIDService.swift */ = {isa = PBXFileReference; lastKnownFileType = sourcecode.swift; path = ComicByIDService.swift; sourceTree = "<group>"; };
		643F74EA24735A67001C8F82 /* HeroByIdViewCell.swift */ = {isa = PBXFileReference; lastKnownFileType = sourcecode.swift; path = HeroByIdViewCell.swift; sourceTree = "<group>"; };
		6447FBDC2464B67700C282CF /* UIFont.swift */ = {isa = PBXFileReference; lastKnownFileType = sourcecode.swift; path = UIFont.swift; sourceTree = "<group>"; };
		6447FBDE2464C73000C282CF /* GoogleService-Info.plist */ = {isa = PBXFileReference; fileEncoding = 4; lastKnownFileType = text.plist.xml; path = "GoogleService-Info.plist"; sourceTree = "<group>"; };
		6447FBE02464CC9A00C282CF /* CreateAccountService.swift */ = {isa = PBXFileReference; lastKnownFileType = sourcecode.swift; path = CreateAccountService.swift; sourceTree = "<group>"; };
		64506CDE2466E55C00399563 /* LoginViewController.swift */ = {isa = PBXFileReference; lastKnownFileType = sourcecode.swift; path = LoginViewController.swift; sourceTree = "<group>"; };
		64506CE02466F1DE00399563 /* CreateAccountView.swift */ = {isa = PBXFileReference; lastKnownFileType = sourcecode.swift; path = CreateAccountView.swift; sourceTree = "<group>"; };
		64506CE22466F64A00399563 /* CreateAccountViewController.swift */ = {isa = PBXFileReference; lastKnownFileType = sourcecode.swift; path = CreateAccountViewController.swift; sourceTree = "<group>"; };
		64506CE42467116200399563 /* HomeView.swift */ = {isa = PBXFileReference; lastKnownFileType = sourcecode.swift; path = HomeView.swift; sourceTree = "<group>"; };
		64589CEF2461F84C00BC013D /* DataModel.swift */ = {isa = PBXFileReference; lastKnownFileType = sourcecode.swift; path = DataModel.swift; sourceTree = "<group>"; };
		64589CF22461F88F00BC013D /* ResultsModel.swift */ = {isa = PBXFileReference; lastKnownFileType = sourcecode.swift; path = ResultsModel.swift; sourceTree = "<group>"; };
		64589CF42461F8B700BC013D /* HeaderInfoModel.swift */ = {isa = PBXFileReference; lastKnownFileType = sourcecode.swift; path = HeaderInfoModel.swift; sourceTree = "<group>"; };
		64589CF62461F8DA00BC013D /* ThumbnailModel.swift */ = {isa = PBXFileReference; lastKnownFileType = sourcecode.swift; path = ThumbnailModel.swift; sourceTree = "<group>"; };
		64589CF82461F8F000BC013D /* ComicsModel.swift */ = {isa = PBXFileReference; lastKnownFileType = sourcecode.swift; path = ComicsModel.swift; sourceTree = "<group>"; };
		64589CFA2461F91B00BC013D /* ItemsModel.swift */ = {isa = PBXFileReference; lastKnownFileType = sourcecode.swift; path = ItemsModel.swift; sourceTree = "<group>"; };
		64589CFC2461F93E00BC013D /* EventsModel.swift */ = {isa = PBXFileReference; lastKnownFileType = sourcecode.swift; path = EventsModel.swift; sourceTree = "<group>"; };
		64589CFE2461F96900BC013D /* ItemsTypeModel.swift */ = {isa = PBXFileReference; lastKnownFileType = sourcecode.swift; path = ItemsTypeModel.swift; sourceTree = "<group>"; };
		64589D002461F98100BC013D /* URLModel.swift */ = {isa = PBXFileReference; lastKnownFileType = sourcecode.swift; path = URLModel.swift; sourceTree = "<group>"; };
		64589D022461F99F00BC013D /* SeriesModel.swift */ = {isa = PBXFileReference; lastKnownFileType = sourcecode.swift; path = SeriesModel.swift; sourceTree = "<group>"; };
		64589D042461F9B100BC013D /* StoriesModel.swift */ = {isa = PBXFileReference; lastKnownFileType = sourcecode.swift; path = StoriesModel.swift; sourceTree = "<group>"; };
		64758F78246F8958005ECFC8 /* HeroByIdView.swift */ = {isa = PBXFileReference; lastKnownFileType = sourcecode.swift; path = HeroByIdView.swift; sourceTree = "<group>"; };
		64758F7A246F8999005ECFC8 /* HeroByIDViewController.swift */ = {isa = PBXFileReference; lastKnownFileType = sourcecode.swift; path = HeroByIDViewController.swift; sourceTree = "<group>"; };
		649774F924672AC9002E1259 /* HeroesView.swift */ = {isa = PBXFileReference; lastKnownFileType = sourcecode.swift; path = HeroesView.swift; sourceTree = "<group>"; };
		649774FC24672B4C002E1259 /* HeroesViewController.swift */ = {isa = PBXFileReference; lastKnownFileType = sourcecode.swift; path = HeroesViewController.swift; sourceTree = "<group>"; };
		64A34EBE2466E00D0062ED13 /* LoginView.swift */ = {isa = PBXFileReference; lastKnownFileType = sourcecode.swift; path = LoginView.swift; sourceTree = "<group>"; };
		64A34EC02466E0340062ED13 /* ReusableView.swift */ = {isa = PBXFileReference; lastKnownFileType = sourcecode.swift; path = ReusableView.swift; sourceTree = "<group>"; };
		64A34EC32466E1FD0062ED13 /* ReusableViewController.swift */ = {isa = PBXFileReference; lastKnownFileType = sourcecode.swift; path = ReusableViewController.swift; sourceTree = "<group>"; };
		64B96AD124662A77009C4A11 /* HomeViewController.swift */ = {isa = PBXFileReference; lastKnownFileType = sourcecode.swift; path = HomeViewController.swift; sourceTree = "<group>"; };
		64D8BEC6246A125300D370D3 /* ReusableVerticalCollectionController.swift */ = {isa = PBXFileReference; lastKnownFileType = sourcecode.swift; path = ReusableVerticalCollectionController.swift; sourceTree = "<group>"; };
		64D8BEC8246A134D00D370D3 /* UIColor.swift */ = {isa = PBXFileReference; lastKnownFileType = sourcecode.swift; path = UIColor.swift; sourceTree = "<group>"; };
		64DF6E26246C91EB00FB7194 /* UIImage.swift */ = {isa = PBXFileReference; lastKnownFileType = sourcecode.swift; path = UIImage.swift; sourceTree = "<group>"; };
		64EAD4EE2467489E00C224B2 /* HeroesViewCell.swift */ = {isa = PBXFileReference; lastKnownFileType = sourcecode.swift; path = HeroesViewCell.swift; sourceTree = "<group>"; };
		64EAD4F124674A9C00C224B2 /* UILabel.swift */ = {isa = PBXFileReference; lastKnownFileType = sourcecode.swift; path = UILabel.swift; sourceTree = "<group>"; };
		74780E0B6BB581A4C36BBAC2 /* Pods_MarvelCardsTests.framework */ = {isa = PBXFileReference; explicitFileType = wrapper.framework; includeInIndex = 0; path = Pods_MarvelCardsTests.framework; sourceTree = BUILT_PRODUCTS_DIR; };
		794A0B0F0F71B79CC9E42FE4 /* Pods_MarvelCards.framework */ = {isa = PBXFileReference; explicitFileType = wrapper.framework; includeInIndex = 0; path = Pods_MarvelCards.framework; sourceTree = BUILT_PRODUCTS_DIR; };
		8557D40EC9760ADD8843C2B3 /* Pods-MarvelCards-MarvelCardsUITests.release.xcconfig */ = {isa = PBXFileReference; includeInIndex = 1; lastKnownFileType = text.xcconfig; name = "Pods-MarvelCards-MarvelCardsUITests.release.xcconfig"; path = "Target Support Files/Pods-MarvelCards-MarvelCardsUITests/Pods-MarvelCards-MarvelCardsUITests.release.xcconfig"; sourceTree = "<group>"; };
		9E2C133E0C9A207E2BCFAE99 /* Pods-MarvelCards-MarvelCardsUITests.debug.xcconfig */ = {isa = PBXFileReference; includeInIndex = 1; lastKnownFileType = text.xcconfig; name = "Pods-MarvelCards-MarvelCardsUITests.debug.xcconfig"; path = "Target Support Files/Pods-MarvelCards-MarvelCardsUITests/Pods-MarvelCards-MarvelCardsUITests.debug.xcconfig"; sourceTree = "<group>"; };
		D258859F4197732ACD3CB1CB /* Pods-MarvelCardsTests.release.xcconfig */ = {isa = PBXFileReference; includeInIndex = 1; lastKnownFileType = text.xcconfig; name = "Pods-MarvelCardsTests.release.xcconfig"; path = "Target Support Files/Pods-MarvelCardsTests/Pods-MarvelCardsTests.release.xcconfig"; sourceTree = "<group>"; };
		EB5B17FEC1338B417E78B48A /* Pods-MarvelCards.release.xcconfig */ = {isa = PBXFileReference; includeInIndex = 1; lastKnownFileType = text.xcconfig; name = "Pods-MarvelCards.release.xcconfig"; path = "Target Support Files/Pods-MarvelCards/Pods-MarvelCards.release.xcconfig"; sourceTree = "<group>"; };
		ECF0997838FA006B1EAE764D /* Pods_MarvelCards_MarvelCardsUITests.framework */ = {isa = PBXFileReference; explicitFileType = wrapper.framework; includeInIndex = 0; path = Pods_MarvelCards_MarvelCardsUITests.framework; sourceTree = BUILT_PRODUCTS_DIR; };
		F4153133D6AA78549D0B20A8 /* Pods-MarvelCards.debug.xcconfig */ = {isa = PBXFileReference; includeInIndex = 1; lastKnownFileType = text.xcconfig; name = "Pods-MarvelCards.debug.xcconfig"; path = "Target Support Files/Pods-MarvelCards/Pods-MarvelCards.debug.xcconfig"; sourceTree = "<group>"; };
/* End PBXFileReference section */

/* Begin PBXFrameworksBuildPhase section */
		642895532460AB76005361D0 /* Frameworks */ = {
			isa = PBXFrameworksBuildPhase;
			buildActionMask = 2147483647;
			files = (
				642895962460CA8D005361D0 /* Alamofire.framework in Frameworks */,
				8C9E82AD0AD2A0478E0C13F8 /* Pods_MarvelCards.framework in Frameworks */,
			);
			runOnlyForDeploymentPostprocessing = 0;
		};
		6428956C2460AB7B005361D0 /* Frameworks */ = {
			isa = PBXFrameworksBuildPhase;
			buildActionMask = 2147483647;
			files = (
				341ABDA62F7F7C876249E199 /* Pods_MarvelCardsTests.framework in Frameworks */,
			);
			runOnlyForDeploymentPostprocessing = 0;
		};
		642895772460AB7B005361D0 /* Frameworks */ = {
			isa = PBXFrameworksBuildPhase;
			buildActionMask = 2147483647;
			files = (
				BF15737E2699645A3A6DE5ED /* Pods_MarvelCards_MarvelCardsUITests.framework in Frameworks */,
			);
			runOnlyForDeploymentPostprocessing = 0;
		};
/* End PBXFrameworksBuildPhase section */

/* Begin PBXGroup section */
		6428954D2460AB76005361D0 = {
			isa = PBXGroup;
			children = (
				642895582460AB76005361D0 /* MarvelCards */,
				642895722460AB7B005361D0 /* MarvelCardsTests */,
				6428957D2460AB7B005361D0 /* MarvelCardsUITests */,
				642895572460AB76005361D0 /* Products */,
				642895942460CA8D005361D0 /* Frameworks */,
				F83E223AD1FC8BE68FD966CD /* Pods */,
			);
			sourceTree = "<group>";
		};
		642895572460AB76005361D0 /* Products */ = {
			isa = PBXGroup;
			children = (
				642895562460AB76005361D0 /* MarvelCards.app */,
				6428956F2460AB7B005361D0 /* MarvelCardsTests.xctest */,
				6428957A2460AB7B005361D0 /* MarvelCardsUITests.xctest */,
			);
			name = Products;
			sourceTree = "<group>";
		};
		642895582460AB76005361D0 /* MarvelCards */ = {
			isa = PBXGroup;
			children = (
				64EAD4F024674A7000C224B2 /* Extension */,
				64A34EC22466E1830062ED13 /* Reusable */,
				64A34EBD2466D57F0062ED13 /* Constructor */,
				6447FBDB2464B66300C282CF /* Extensions */,
				642895912460BBB2005361D0 /* Services */,
				6428958E2460ABDE005361D0 /* Model */,
				6428958D2460ABD6005361D0 /* View */,
				6428958C2460ABC7005361D0 /* Controller */,
				642895652460AB7B005361D0 /* Assets.xcassets */,
				642895672460AB7B005361D0 /* LaunchScreen.storyboard */,
				6447FBDE2464C73000C282CF /* GoogleService-Info.plist */,
				6428956A2460AB7B005361D0 /* Info.plist */,
				642895622460AB76005361D0 /* MarvelCards.xcdatamodeld */,
			);
			path = MarvelCards;
			sourceTree = "<group>";
		};
		642895722460AB7B005361D0 /* MarvelCardsTests */ = {
			isa = PBXGroup;
			children = (
				642895732460AB7B005361D0 /* MarvelCardsTests.swift */,
				642895752460AB7B005361D0 /* Info.plist */,
			);
			path = MarvelCardsTests;
			sourceTree = "<group>";
		};
		6428957D2460AB7B005361D0 /* MarvelCardsUITests */ = {
			isa = PBXGroup;
			children = (
				6428957E2460AB7B005361D0 /* MarvelCardsUITests.swift */,
				642895802460AB7B005361D0 /* Info.plist */,
			);
			path = MarvelCardsUITests;
			sourceTree = "<group>";
		};
		6428958C2460ABC7005361D0 /* Controller */ = {
			isa = PBXGroup;
			children = (
				649774FB24672B34002E1259 /* Heroes */,
				649774F724672A60002E1259 /* Login&Create */,
				64B96AD124662A77009C4A11 /* HomeViewController.swift */,
			);
			path = Controller;
			sourceTree = "<group>";
		};
		6428958D2460ABD6005361D0 /* View */ = {
			isa = PBXGroup;
			children = (
				649774F824672A86002E1259 /* Heroes */,
				649774F624672A35002E1259 /* Login&Create */,
				64506CE42467116200399563 /* HomeView.swift */,
			);
			path = View;
			sourceTree = "<group>";
		};
		6428958E2460ABDE005361D0 /* Model */ = {
			isa = PBXGroup;
			children = (
				642E74A12470C2C600D73D2E /* ComicByHeroID */,
				64589CF12461F86700BC013D /* CharacterServiceModel */,
			);
			path = Model;
			sourceTree = "<group>";
		};
		642895912460BBB2005361D0 /* Services */ = {
			isa = PBXGroup;
			children = (
				642895922460BBCF005361D0 /* CharactersServiceMarvel.swift */,
				6447FBE02464CC9A00C282CF /* CreateAccountService.swift */,
				642E74AC2470CE9E00D73D2E /* ComicByIDService.swift */,
			);
			path = Services;
			sourceTree = "<group>";
		};
		642895942460CA8D005361D0 /* Frameworks */ = {
			isa = PBXGroup;
			children = (
				642895952460CA8D005361D0 /* Alamofire.framework */,
				794A0B0F0F71B79CC9E42FE4 /* Pods_MarvelCards.framework */,
				ECF0997838FA006B1EAE764D /* Pods_MarvelCards_MarvelCardsUITests.framework */,
				74780E0B6BB581A4C36BBAC2 /* Pods_MarvelCardsTests.framework */,
			);
			name = Frameworks;
			sourceTree = "<group>";
		};
		642E74A12470C2C600D73D2E /* ComicByHeroID */ = {
			isa = PBXGroup;
			children = (
				642E74A22470C33300D73D2E /* ComicByHeroID.swift */,
				642E74A42470C3C500D73D2E /* DataByID.swift */,
				642E74A62470C42100D73D2E /* ResultsByID.swift */,
				642E74A82470C5D000D73D2E /* TextObjectByID.swift */,
				642E74AA2470C72500D73D2E /* URLBydID.swift */,
			);
			path = ComicByHeroID;
			sourceTree = "<group>";
		};
		6447FBDB2464B66300C282CF /* Extensions */ = {
			isa = PBXGroup;
			children = (
				6447FBDC2464B67700C282CF /* UIFont.swift */,
			);
			path = Extensions;
			sourceTree = "<group>";
		};
		64589CF12461F86700BC013D /* CharacterServiceModel */ = {
			isa = PBXGroup;
			children = (
				6428959A2460D17D005361D0 /* CharactersModel.swift */,
				64589CEF2461F84C00BC013D /* DataModel.swift */,
				64589CF22461F88F00BC013D /* ResultsModel.swift */,
				64589CF42461F8B700BC013D /* HeaderInfoModel.swift */,
				64589CF62461F8DA00BC013D /* ThumbnailModel.swift */,
				64589CF82461F8F000BC013D /* ComicsModel.swift */,
				64589CFA2461F91B00BC013D /* ItemsModel.swift */,
				64589CFC2461F93E00BC013D /* EventsModel.swift */,
				64589CFE2461F96900BC013D /* ItemsTypeModel.swift */,
				64589D002461F98100BC013D /* URLModel.swift */,
				64589D022461F99F00BC013D /* SeriesModel.swift */,
				64589D042461F9B100BC013D /* StoriesModel.swift */,
			);
			path = CharacterServiceModel;
			sourceTree = "<group>";
		};
		649774F624672A35002E1259 /* Login&Create */ = {
			isa = PBXGroup;
			children = (
				64506CE02466F1DE00399563 /* CreateAccountView.swift */,
				64A34EBE2466E00D0062ED13 /* LoginView.swift */,
			);
			path = "Login&Create";
			sourceTree = "<group>";
		};
		649774F724672A60002E1259 /* Login&Create */ = {
			isa = PBXGroup;
			children = (
				64506CDE2466E55C00399563 /* LoginViewController.swift */,
				64506CE22466F64A00399563 /* CreateAccountViewController.swift */,
			);
			path = "Login&Create";
			sourceTree = "<group>";
		};
		649774F824672A86002E1259 /* Heroes */ = {
			isa = PBXGroup;
			children = (
				649774F924672AC9002E1259 /* HeroesView.swift */,
				64EAD4EE2467489E00C224B2 /* HeroesViewCell.swift */,
				64758F78246F8958005ECFC8 /* HeroByIdView.swift */,
				643F74EA24735A67001C8F82 /* HeroByIdViewCell.swift */,
			);
			path = Heroes;
			sourceTree = "<group>";
		};
		649774FB24672B34002E1259 /* Heroes */ = {
			isa = PBXGroup;
			children = (
				649774FC24672B4C002E1259 /* HeroesViewController.swift */,
				64758F7A246F8999005ECFC8 /* HeroByIDViewController.swift */,
			);
			path = Heroes;
			sourceTree = "<group>";
		};
		649774FE24672D5B002E1259 /* Login&Create */ = {
			isa = PBXGroup;
			children = (
				64A34EC02466E0340062ED13 /* ReusableView.swift */,
				64A34EC32466E1FD0062ED13 /* ReusableViewController.swift */,
			);
			path = "Login&Create";
			sourceTree = "<group>";
		};
		64A34EBD2466D57F0062ED13 /* Constructor */ = {
			isa = PBXGroup;
			children = (
				642895592460AB76005361D0 /* AppDelegate.swift */,
				6428955B2460AB76005361D0 /* SceneDelegate.swift */,
			);
			path = Constructor;
			sourceTree = "<group>";
		};
		64A34EC22466E1830062ED13 /* Reusable */ = {
			isa = PBXGroup;
			children = (
				64EAD4EB246743CE00C224B2 /* CollectionView */,
				649774FE24672D5B002E1259 /* Login&Create */,
			);
			path = Reusable;
			sourceTree = "<group>";
		};
		64EAD4EB246743CE00C224B2 /* CollectionView */ = {
			isa = PBXGroup;
			children = (
				64D8BEC6246A125300D370D3 /* ReusableVerticalCollectionController.swift */,
			);
			path = CollectionView;
			sourceTree = "<group>";
		};
		64EAD4F024674A7000C224B2 /* Extension */ = {
			isa = PBXGroup;
			children = (
				64EAD4F124674A9C00C224B2 /* UILabel.swift */,
				64D8BEC8246A134D00D370D3 /* UIColor.swift */,
				64DF6E26246C91EB00FB7194 /* UIImage.swift */,
			);
			path = Extension;
			sourceTree = "<group>";
		};
		F83E223AD1FC8BE68FD966CD /* Pods */ = {
			isa = PBXGroup;
			children = (
				F4153133D6AA78549D0B20A8 /* Pods-MarvelCards.debug.xcconfig */,
				EB5B17FEC1338B417E78B48A /* Pods-MarvelCards.release.xcconfig */,
				9E2C133E0C9A207E2BCFAE99 /* Pods-MarvelCards-MarvelCardsUITests.debug.xcconfig */,
				8557D40EC9760ADD8843C2B3 /* Pods-MarvelCards-MarvelCardsUITests.release.xcconfig */,
				4647C5F772DBEC193B3D0027 /* Pods-MarvelCardsTests.debug.xcconfig */,
				D258859F4197732ACD3CB1CB /* Pods-MarvelCardsTests.release.xcconfig */,
			);
			path = Pods;
			sourceTree = "<group>";
		};
/* End PBXGroup section */

/* Begin PBXNativeTarget section */
		642895552460AB76005361D0 /* MarvelCards */ = {
			isa = PBXNativeTarget;
			buildConfigurationList = 642895832460AB7B005361D0 /* Build configuration list for PBXNativeTarget "MarvelCards" */;
			buildPhases = (
				B653A2DD31E0496FC37C3C0B /* [CP] Check Pods Manifest.lock */,
				642895522460AB76005361D0 /* Sources */,
				642895532460AB76005361D0 /* Frameworks */,
				642895542460AB76005361D0 /* Resources */,
				642895982460CA8D005361D0 /* Embed Frameworks */,
				642895992460CB05005361D0 /* Copy Carthage Frameworks */,
				2AA983DD57325E280651BE31 /* [CP] Embed Pods Frameworks */,
			);
			buildRules = (
			);
			dependencies = (
			);
			name = MarvelCards;
			productName = MarvelCards;
			productReference = 642895562460AB76005361D0 /* MarvelCards.app */;
			productType = "com.apple.product-type.application";
		};
		6428956E2460AB7B005361D0 /* MarvelCardsTests */ = {
			isa = PBXNativeTarget;
			buildConfigurationList = 642895862460AB7B005361D0 /* Build configuration list for PBXNativeTarget "MarvelCardsTests" */;
			buildPhases = (
				3BE379D0B19CCEF8F163C8B8 /* [CP] Check Pods Manifest.lock */,
				6428956B2460AB7B005361D0 /* Sources */,
				6428956C2460AB7B005361D0 /* Frameworks */,
				6428956D2460AB7B005361D0 /* Resources */,
			);
			buildRules = (
			);
			dependencies = (
				642895712460AB7B005361D0 /* PBXTargetDependency */,
			);
			name = MarvelCardsTests;
			productName = MarvelCardsTests;
			productReference = 6428956F2460AB7B005361D0 /* MarvelCardsTests.xctest */;
			productType = "com.apple.product-type.bundle.unit-test";
		};
		642895792460AB7B005361D0 /* MarvelCardsUITests */ = {
			isa = PBXNativeTarget;
			buildConfigurationList = 642895892460AB7B005361D0 /* Build configuration list for PBXNativeTarget "MarvelCardsUITests" */;
			buildPhases = (
				FA52B27E351D16CA1B357E4D /* [CP] Check Pods Manifest.lock */,
				642895762460AB7B005361D0 /* Sources */,
				642895772460AB7B005361D0 /* Frameworks */,
				642895782460AB7B005361D0 /* Resources */,
				3DA9A91111E057A7E552FADD /* [CP] Embed Pods Frameworks */,
			);
			buildRules = (
			);
			dependencies = (
				6428957C2460AB7B005361D0 /* PBXTargetDependency */,
			);
			name = MarvelCardsUITests;
			productName = MarvelCardsUITests;
			productReference = 6428957A2460AB7B005361D0 /* MarvelCardsUITests.xctest */;
			productType = "com.apple.product-type.bundle.ui-testing";
		};
/* End PBXNativeTarget section */

/* Begin PBXProject section */
		6428954E2460AB76005361D0 /* Project object */ = {
			isa = PBXProject;
			attributes = {
				LastSwiftUpdateCheck = 1140;
				LastUpgradeCheck = 1140;
				ORGANIZATIONNAME = mkilmer;
				TargetAttributes = {
					642895552460AB76005361D0 = {
						CreatedOnToolsVersion = 11.4.1;
					};
					6428956E2460AB7B005361D0 = {
						CreatedOnToolsVersion = 11.4.1;
						TestTargetID = 642895552460AB76005361D0;
					};
					642895792460AB7B005361D0 = {
						CreatedOnToolsVersion = 11.4.1;
						TestTargetID = 642895552460AB76005361D0;
					};
				};
			};
			buildConfigurationList = 642895512460AB76005361D0 /* Build configuration list for PBXProject "MarvelCards" */;
			compatibilityVersion = "Xcode 9.3";
			developmentRegion = en;
			hasScannedForEncodings = 0;
			knownRegions = (
				en,
				Base,
			);
			mainGroup = 6428954D2460AB76005361D0;
			productRefGroup = 642895572460AB76005361D0 /* Products */;
			projectDirPath = "";
			projectRoot = "";
			targets = (
				642895552460AB76005361D0 /* MarvelCards */,
				6428956E2460AB7B005361D0 /* MarvelCardsTests */,
				642895792460AB7B005361D0 /* MarvelCardsUITests */,
			);
		};
/* End PBXProject section */

/* Begin PBXResourcesBuildPhase section */
		642895542460AB76005361D0 /* Resources */ = {
			isa = PBXResourcesBuildPhase;
			buildActionMask = 2147483647;
			files = (
				642895692460AB7B005361D0 /* LaunchScreen.storyboard in Resources */,
				642895662460AB7B005361D0 /* Assets.xcassets in Resources */,
				6447FBDF2464C73000C282CF /* GoogleService-Info.plist in Resources */,
			);
			runOnlyForDeploymentPostprocessing = 0;
		};
		6428956D2460AB7B005361D0 /* Resources */ = {
			isa = PBXResourcesBuildPhase;
			buildActionMask = 2147483647;
			files = (
			);
			runOnlyForDeploymentPostprocessing = 0;
		};
		642895782460AB7B005361D0 /* Resources */ = {
			isa = PBXResourcesBuildPhase;
			buildActionMask = 2147483647;
			files = (
			);
			runOnlyForDeploymentPostprocessing = 0;
		};
/* End PBXResourcesBuildPhase section */

/* Begin PBXShellScriptBuildPhase section */
		2AA983DD57325E280651BE31 /* [CP] Embed Pods Frameworks */ = {
			isa = PBXShellScriptBuildPhase;
			buildActionMask = 2147483647;
			files = (
			);
			inputFileListPaths = (
				"${PODS_ROOT}/Target Support Files/Pods-MarvelCards/Pods-MarvelCards-frameworks-${CONFIGURATION}-input-files.xcfilelist",
			);
			name = "[CP] Embed Pods Frameworks";
			outputFileListPaths = (
				"${PODS_ROOT}/Target Support Files/Pods-MarvelCards/Pods-MarvelCards-frameworks-${CONFIGURATION}-output-files.xcfilelist",
			);
			runOnlyForDeploymentPostprocessing = 0;
			shellPath = /bin/sh;
			shellScript = "\"${PODS_ROOT}/Target Support Files/Pods-MarvelCards/Pods-MarvelCards-frameworks.sh\"\n";
			showEnvVarsInLog = 0;
		};
		3BE379D0B19CCEF8F163C8B8 /* [CP] Check Pods Manifest.lock */ = {
			isa = PBXShellScriptBuildPhase;
			buildActionMask = 2147483647;
			files = (
			);
			inputFileListPaths = (
			);
			inputPaths = (
				"${PODS_PODFILE_DIR_PATH}/Podfile.lock",
				"${PODS_ROOT}/Manifest.lock",
			);
			name = "[CP] Check Pods Manifest.lock";
			outputFileListPaths = (
			);
			outputPaths = (
				"$(DERIVED_FILE_DIR)/Pods-MarvelCardsTests-checkManifestLockResult.txt",
			);
			runOnlyForDeploymentPostprocessing = 0;
			shellPath = /bin/sh;
			shellScript = "diff \"${PODS_PODFILE_DIR_PATH}/Podfile.lock\" \"${PODS_ROOT}/Manifest.lock\" > /dev/null\nif [ $? != 0 ] ; then\n    # print error to STDERR\n    echo \"error: The sandbox is not in sync with the Podfile.lock. Run 'pod install' or update your CocoaPods installation.\" >&2\n    exit 1\nfi\n# This output is used by Xcode 'outputs' to avoid re-running this script phase.\necho \"SUCCESS\" > \"${SCRIPT_OUTPUT_FILE_0}\"\n";
			showEnvVarsInLog = 0;
		};
		3DA9A91111E057A7E552FADD /* [CP] Embed Pods Frameworks */ = {
			isa = PBXShellScriptBuildPhase;
			buildActionMask = 2147483647;
			files = (
			);
			inputFileListPaths = (
				"${PODS_ROOT}/Target Support Files/Pods-MarvelCards-MarvelCardsUITests/Pods-MarvelCards-MarvelCardsUITests-frameworks-${CONFIGURATION}-input-files.xcfilelist",
			);
			name = "[CP] Embed Pods Frameworks";
			outputFileListPaths = (
				"${PODS_ROOT}/Target Support Files/Pods-MarvelCards-MarvelCardsUITests/Pods-MarvelCards-MarvelCardsUITests-frameworks-${CONFIGURATION}-output-files.xcfilelist",
			);
			runOnlyForDeploymentPostprocessing = 0;
			shellPath = /bin/sh;
			shellScript = "\"${PODS_ROOT}/Target Support Files/Pods-MarvelCards-MarvelCardsUITests/Pods-MarvelCards-MarvelCardsUITests-frameworks.sh\"\n";
			showEnvVarsInLog = 0;
		};
		642895992460CB05005361D0 /* Copy Carthage Frameworks */ = {
			isa = PBXShellScriptBuildPhase;
			buildActionMask = 2147483647;
			files = (
			);
			inputFileListPaths = (
			);
			inputPaths = (
				"$(SRCROOT)/Carthage/Build/iOS/Alamofire.framework",
			);
			name = "Copy Carthage Frameworks";
			outputFileListPaths = (
			);
			outputPaths = (
			);
			runOnlyForDeploymentPostprocessing = 0;
			shellPath = /bin/sh;
			shellScript = "# Type a script or drag a script file from your workspace to insert its path.\n/usr/local/bin/carthage copy-frameworks\n";
		};
		B653A2DD31E0496FC37C3C0B /* [CP] Check Pods Manifest.lock */ = {
			isa = PBXShellScriptBuildPhase;
			buildActionMask = 2147483647;
			files = (
			);
			inputFileListPaths = (
			);
			inputPaths = (
				"${PODS_PODFILE_DIR_PATH}/Podfile.lock",
				"${PODS_ROOT}/Manifest.lock",
			);
			name = "[CP] Check Pods Manifest.lock";
			outputFileListPaths = (
			);
			outputPaths = (
				"$(DERIVED_FILE_DIR)/Pods-MarvelCards-checkManifestLockResult.txt",
			);
			runOnlyForDeploymentPostprocessing = 0;
			shellPath = /bin/sh;
			shellScript = "diff \"${PODS_PODFILE_DIR_PATH}/Podfile.lock\" \"${PODS_ROOT}/Manifest.lock\" > /dev/null\nif [ $? != 0 ] ; then\n    # print error to STDERR\n    echo \"error: The sandbox is not in sync with the Podfile.lock. Run 'pod install' or update your CocoaPods installation.\" >&2\n    exit 1\nfi\n# This output is used by Xcode 'outputs' to avoid re-running this script phase.\necho \"SUCCESS\" > \"${SCRIPT_OUTPUT_FILE_0}\"\n";
			showEnvVarsInLog = 0;
		};
		FA52B27E351D16CA1B357E4D /* [CP] Check Pods Manifest.lock */ = {
			isa = PBXShellScriptBuildPhase;
			buildActionMask = 2147483647;
			files = (
			);
			inputFileListPaths = (
			);
			inputPaths = (
				"${PODS_PODFILE_DIR_PATH}/Podfile.lock",
				"${PODS_ROOT}/Manifest.lock",
			);
			name = "[CP] Check Pods Manifest.lock";
			outputFileListPaths = (
			);
			outputPaths = (
				"$(DERIVED_FILE_DIR)/Pods-MarvelCards-MarvelCardsUITests-checkManifestLockResult.txt",
			);
			runOnlyForDeploymentPostprocessing = 0;
			shellPath = /bin/sh;
			shellScript = "diff \"${PODS_PODFILE_DIR_PATH}/Podfile.lock\" \"${PODS_ROOT}/Manifest.lock\" > /dev/null\nif [ $? != 0 ] ; then\n    # print error to STDERR\n    echo \"error: The sandbox is not in sync with the Podfile.lock. Run 'pod install' or update your CocoaPods installation.\" >&2\n    exit 1\nfi\n# This output is used by Xcode 'outputs' to avoid re-running this script phase.\necho \"SUCCESS\" > \"${SCRIPT_OUTPUT_FILE_0}\"\n";
			showEnvVarsInLog = 0;
		};
/* End PBXShellScriptBuildPhase section */

/* Begin PBXSourcesBuildPhase section */
		642895522460AB76005361D0 /* Sources */ = {
			isa = PBXSourcesBuildPhase;
			buildActionMask = 2147483647;
			files = (
				642E74AB2470C72500D73D2E /* URLBydID.swift in Sources */,
				64758F79246F8958005ECFC8 /* HeroByIdView.swift in Sources */,
				64589D052461F9B100BC013D /* StoriesModel.swift in Sources */,
				642895642460AB76005361D0 /* MarvelCards.xcdatamodeld in Sources */,
				6428959B2460D17D005361D0 /* CharactersModel.swift in Sources */,
				642E74A52470C3C500D73D2E /* DataByID.swift in Sources */,
				6447FBDD2464B67700C282CF /* UIFont.swift in Sources */,
				64589CF92461F8F000BC013D /* ComicsModel.swift in Sources */,
				643F74EB24735A67001C8F82 /* HeroByIdViewCell.swift in Sources */,
				64D8BEC9246A134D00D370D3 /* UIColor.swift in Sources */,
				64589CF32461F88F00BC013D /* ResultsModel.swift in Sources */,
				64D8BEC7246A125300D370D3 /* ReusableVerticalCollectionController.swift in Sources */,
				642E74A72470C42100D73D2E /* ResultsByID.swift in Sources */,
				6447FBE12464CC9A00C282CF /* CreateAccountService.swift in Sources */,
				64506CDF2466E55C00399563 /* LoginViewController.swift in Sources */,
				64A34EC12466E0340062ED13 /* ReusableView.swift in Sources */,
				649774FA24672AC9002E1259 /* HeroesView.swift in Sources */,
				64DF6E27246C91EB00FB7194 /* UIImage.swift in Sources */,
				64758F7B246F8999005ECFC8 /* HeroByIDViewController.swift in Sources */,
				649774FD24672B4C002E1259 /* HeroesViewController.swift in Sources */,
				64B96AD224662A77009C4A11 /* HomeViewController.swift in Sources */,
				642E74AD2470CE9E00D73D2E /* ComicByIDService.swift in Sources */,
				64506CE12466F1DE00399563 /* CreateAccountView.swift in Sources */,
				6428955A2460AB76005361D0 /* AppDelegate.swift in Sources */,
				64506CE32466F64A00399563 /* CreateAccountViewController.swift in Sources */,
				642895932460BBCF005361D0 /* CharactersServiceMarvel.swift in Sources */,
				64EAD4EF2467489E00C224B2 /* HeroesViewCell.swift in Sources */,
				64EAD4F224674A9C00C224B2 /* UILabel.swift in Sources */,
				64589CF72461F8DA00BC013D /* ThumbnailModel.swift in Sources */,
				64506CE52467116200399563 /* HomeView.swift in Sources */,
				64589CFB2461F91B00BC013D /* ItemsModel.swift in Sources */,
				64589CFF2461F96900BC013D /* ItemsTypeModel.swift in Sources */,
				642E74A92470C5D000D73D2E /* TextObjectByID.swift in Sources */,
				64A34EBF2466E00D0062ED13 /* LoginView.swift in Sources */,
				64A34EC42466E1FD0062ED13 /* ReusableViewController.swift in Sources */,
				64589CF52461F8B700BC013D /* HeaderInfoModel.swift in Sources */,
				6428955C2460AB76005361D0 /* SceneDelegate.swift in Sources */,
				64589D012461F98100BC013D /* URLModel.swift in Sources */,
				64589CFD2461F93E00BC013D /* EventsModel.swift in Sources */,
				64589CF02461F84C00BC013D /* DataModel.swift in Sources */,
				64589D032461F99F00BC013D /* SeriesModel.swift in Sources */,
				642E74A32470C33300D73D2E /* ComicByHeroID.swift in Sources */,
			);
			runOnlyForDeploymentPostprocessing = 0;
		};
		6428956B2460AB7B005361D0 /* Sources */ = {
			isa = PBXSourcesBuildPhase;
			buildActionMask = 2147483647;
			files = (
				642895742460AB7B005361D0 /* MarvelCardsTests.swift in Sources */,
			);
			runOnlyForDeploymentPostprocessing = 0;
		};
		642895762460AB7B005361D0 /* Sources */ = {
			isa = PBXSourcesBuildPhase;
			buildActionMask = 2147483647;
			files = (
				6428957F2460AB7B005361D0 /* MarvelCardsUITests.swift in Sources */,
			);
			runOnlyForDeploymentPostprocessing = 0;
		};
/* End PBXSourcesBuildPhase section */

/* Begin PBXTargetDependency section */
		642895712460AB7B005361D0 /* PBXTargetDependency */ = {
			isa = PBXTargetDependency;
			target = 642895552460AB76005361D0 /* MarvelCards */;
			targetProxy = 642895702460AB7B005361D0 /* PBXContainerItemProxy */;
		};
		6428957C2460AB7B005361D0 /* PBXTargetDependency */ = {
			isa = PBXTargetDependency;
			target = 642895552460AB76005361D0 /* MarvelCards */;
			targetProxy = 6428957B2460AB7B005361D0 /* PBXContainerItemProxy */;
		};
/* End PBXTargetDependency section */

/* Begin PBXVariantGroup section */
		642895672460AB7B005361D0 /* LaunchScreen.storyboard */ = {
			isa = PBXVariantGroup;
			children = (
				642895682460AB7B005361D0 /* Base */,
			);
			name = LaunchScreen.storyboard;
			sourceTree = "<group>";
		};
/* End PBXVariantGroup section */

/* Begin XCBuildConfiguration section */
		642895812460AB7B005361D0 /* Debug */ = {
			isa = XCBuildConfiguration;
			buildSettings = {
				ALWAYS_SEARCH_USER_PATHS = NO;
				CLANG_ANALYZER_NONNULL = YES;
				CLANG_ANALYZER_NUMBER_OBJECT_CONVERSION = YES_AGGRESSIVE;
				CLANG_CXX_LANGUAGE_STANDARD = "gnu++14";
				CLANG_CXX_LIBRARY = "libc++";
				CLANG_ENABLE_MODULES = YES;
				CLANG_ENABLE_OBJC_ARC = YES;
				CLANG_ENABLE_OBJC_WEAK = YES;
				CLANG_WARN_BLOCK_CAPTURE_AUTORELEASING = YES;
				CLANG_WARN_BOOL_CONVERSION = YES;
				CLANG_WARN_COMMA = YES;
				CLANG_WARN_CONSTANT_CONVERSION = YES;
				CLANG_WARN_DEPRECATED_OBJC_IMPLEMENTATIONS = YES;
				CLANG_WARN_DIRECT_OBJC_ISA_USAGE = YES_ERROR;
				CLANG_WARN_DOCUMENTATION_COMMENTS = YES;
				CLANG_WARN_EMPTY_BODY = YES;
				CLANG_WARN_ENUM_CONVERSION = YES;
				CLANG_WARN_INFINITE_RECURSION = YES;
				CLANG_WARN_INT_CONVERSION = YES;
				CLANG_WARN_NON_LITERAL_NULL_CONVERSION = YES;
				CLANG_WARN_OBJC_IMPLICIT_RETAIN_SELF = YES;
				CLANG_WARN_OBJC_LITERAL_CONVERSION = YES;
				CLANG_WARN_OBJC_ROOT_CLASS = YES_ERROR;
				CLANG_WARN_RANGE_LOOP_ANALYSIS = YES;
				CLANG_WARN_STRICT_PROTOTYPES = YES;
				CLANG_WARN_SUSPICIOUS_MOVE = YES;
				CLANG_WARN_UNGUARDED_AVAILABILITY = YES_AGGRESSIVE;
				CLANG_WARN_UNREACHABLE_CODE = YES;
				CLANG_WARN__DUPLICATE_METHOD_MATCH = YES;
				COPY_PHASE_STRIP = NO;
				DEBUG_INFORMATION_FORMAT = dwarf;
				ENABLE_STRICT_OBJC_MSGSEND = YES;
				ENABLE_TESTABILITY = YES;
				GCC_C_LANGUAGE_STANDARD = gnu11;
				GCC_DYNAMIC_NO_PIC = NO;
				GCC_NO_COMMON_BLOCKS = YES;
				GCC_OPTIMIZATION_LEVEL = 0;
				GCC_PREPROCESSOR_DEFINITIONS = (
					"DEBUG=1",
					"$(inherited)",
				);
				GCC_WARN_64_TO_32_BIT_CONVERSION = YES;
				GCC_WARN_ABOUT_RETURN_TYPE = YES_ERROR;
				GCC_WARN_UNDECLARED_SELECTOR = YES;
				GCC_WARN_UNINITIALIZED_AUTOS = YES_AGGRESSIVE;
				GCC_WARN_UNUSED_FUNCTION = YES;
				GCC_WARN_UNUSED_VARIABLE = YES;
				IPHONEOS_DEPLOYMENT_TARGET = 13.4;
				MTL_ENABLE_DEBUG_INFO = INCLUDE_SOURCE;
				MTL_FAST_MATH = YES;
				ONLY_ACTIVE_ARCH = YES;
				SDKROOT = iphoneos;
				SWIFT_ACTIVE_COMPILATION_CONDITIONS = DEBUG;
				SWIFT_OPTIMIZATION_LEVEL = "-Onone";
			};
			name = Debug;
		};
		642895822460AB7B005361D0 /* Release */ = {
			isa = XCBuildConfiguration;
			buildSettings = {
				ALWAYS_SEARCH_USER_PATHS = NO;
				CLANG_ANALYZER_NONNULL = YES;
				CLANG_ANALYZER_NUMBER_OBJECT_CONVERSION = YES_AGGRESSIVE;
				CLANG_CXX_LANGUAGE_STANDARD = "gnu++14";
				CLANG_CXX_LIBRARY = "libc++";
				CLANG_ENABLE_MODULES = YES;
				CLANG_ENABLE_OBJC_ARC = YES;
				CLANG_ENABLE_OBJC_WEAK = YES;
				CLANG_WARN_BLOCK_CAPTURE_AUTORELEASING = YES;
				CLANG_WARN_BOOL_CONVERSION = YES;
				CLANG_WARN_COMMA = YES;
				CLANG_WARN_CONSTANT_CONVERSION = YES;
				CLANG_WARN_DEPRECATED_OBJC_IMPLEMENTATIONS = YES;
				CLANG_WARN_DIRECT_OBJC_ISA_USAGE = YES_ERROR;
				CLANG_WARN_DOCUMENTATION_COMMENTS = YES;
				CLANG_WARN_EMPTY_BODY = YES;
				CLANG_WARN_ENUM_CONVERSION = YES;
				CLANG_WARN_INFINITE_RECURSION = YES;
				CLANG_WARN_INT_CONVERSION = YES;
				CLANG_WARN_NON_LITERAL_NULL_CONVERSION = YES;
				CLANG_WARN_OBJC_IMPLICIT_RETAIN_SELF = YES;
				CLANG_WARN_OBJC_LITERAL_CONVERSION = YES;
				CLANG_WARN_OBJC_ROOT_CLASS = YES_ERROR;
				CLANG_WARN_RANGE_LOOP_ANALYSIS = YES;
				CLANG_WARN_STRICT_PROTOTYPES = YES;
				CLANG_WARN_SUSPICIOUS_MOVE = YES;
				CLANG_WARN_UNGUARDED_AVAILABILITY = YES_AGGRESSIVE;
				CLANG_WARN_UNREACHABLE_CODE = YES;
				CLANG_WARN__DUPLICATE_METHOD_MATCH = YES;
				COPY_PHASE_STRIP = NO;
				DEBUG_INFORMATION_FORMAT = "dwarf-with-dsym";
				ENABLE_NS_ASSERTIONS = NO;
				ENABLE_STRICT_OBJC_MSGSEND = YES;
				GCC_C_LANGUAGE_STANDARD = gnu11;
				GCC_NO_COMMON_BLOCKS = YES;
				GCC_WARN_64_TO_32_BIT_CONVERSION = YES;
				GCC_WARN_ABOUT_RETURN_TYPE = YES_ERROR;
				GCC_WARN_UNDECLARED_SELECTOR = YES;
				GCC_WARN_UNINITIALIZED_AUTOS = YES_AGGRESSIVE;
				GCC_WARN_UNUSED_FUNCTION = YES;
				GCC_WARN_UNUSED_VARIABLE = YES;
				IPHONEOS_DEPLOYMENT_TARGET = 13.4;
				MTL_ENABLE_DEBUG_INFO = NO;
				MTL_FAST_MATH = YES;
				SDKROOT = iphoneos;
				SWIFT_COMPILATION_MODE = wholemodule;
				SWIFT_OPTIMIZATION_LEVEL = "-O";
				VALIDATE_PRODUCT = YES;
			};
			name = Release;
		};
		642895842460AB7B005361D0 /* Debug */ = {
			isa = XCBuildConfiguration;
			baseConfigurationReference = F4153133D6AA78549D0B20A8 /* Pods-MarvelCards.debug.xcconfig */;
			buildSettings = {
				ASSETCATALOG_COMPILER_APPICON_NAME = AppIcon;
				CODE_SIGN_STYLE = Automatic;
				DEVELOPMENT_TEAM = JA3K44V4L9;
				FRAMEWORK_SEARCH_PATHS = (
					"$(inherited)",
					"$(PROJECT_DIR)/Carthage/Build/iOS",
				);
				INFOPLIST_FILE = MarvelCards/Info.plist;
				LD_RUNPATH_SEARCH_PATHS = (
					"$(inherited)",
					"@executable_path/Frameworks",
				);
				PRODUCT_BUNDLE_IDENTIFIER = br.com.mkilmer.MarvelCards;
				PRODUCT_NAME = "$(TARGET_NAME)";
				SWIFT_VERSION = 5.0;
				TARGETED_DEVICE_FAMILY = "1,2";
			};
			name = Debug;
		};
		642895852460AB7B005361D0 /* Release */ = {
			isa = XCBuildConfiguration;
			baseConfigurationReference = EB5B17FEC1338B417E78B48A /* Pods-MarvelCards.release.xcconfig */;
			buildSettings = {
				ASSETCATALOG_COMPILER_APPICON_NAME = AppIcon;
				CODE_SIGN_STYLE = Automatic;
				DEVELOPMENT_TEAM = JA3K44V4L9;
				FRAMEWORK_SEARCH_PATHS = (
					"$(inherited)",
					"$(PROJECT_DIR)/Carthage/Build/iOS",
				);
				INFOPLIST_FILE = MarvelCards/Info.plist;
				LD_RUNPATH_SEARCH_PATHS = (
					"$(inherited)",
					"@executable_path/Frameworks",
				);
				PRODUCT_BUNDLE_IDENTIFIER = br.com.mkilmer.MarvelCards;
				PRODUCT_NAME = "$(TARGET_NAME)";
				SWIFT_VERSION = 5.0;
				TARGETED_DEVICE_FAMILY = "1,2";
			};
			name = Release;
		};
		642895872460AB7B005361D0 /* Debug */ = {
			isa = XCBuildConfiguration;
			baseConfigurationReference = 4647C5F772DBEC193B3D0027 /* Pods-MarvelCardsTests.debug.xcconfig */;
			buildSettings = {
				ALWAYS_EMBED_SWIFT_STANDARD_LIBRARIES = YES;
				BUNDLE_LOADER = "$(TEST_HOST)";
				CODE_SIGN_STYLE = Automatic;
				DEVELOPMENT_TEAM = JA3K44V4L9;
				INFOPLIST_FILE = MarvelCardsTests/Info.plist;
				IPHONEOS_DEPLOYMENT_TARGET = 13.4;
				LD_RUNPATH_SEARCH_PATHS = (
					"$(inherited)",
					"@executable_path/Frameworks",
					"@loader_path/Frameworks",
				);
				PRODUCT_BUNDLE_IDENTIFIER = br.com.mkilmer.MarvelCardsTests;
				PRODUCT_NAME = "$(TARGET_NAME)";
				SWIFT_VERSION = 5.0;
				TARGETED_DEVICE_FAMILY = "1,2";
				TEST_HOST = "$(BUILT_PRODUCTS_DIR)/MarvelCards.app/MarvelCards";
			};
			name = Debug;
		};
		642895882460AB7B005361D0 /* Release */ = {
			isa = XCBuildConfiguration;
			baseConfigurationReference = D258859F4197732ACD3CB1CB /* Pods-MarvelCardsTests.release.xcconfig */;
			buildSettings = {
				ALWAYS_EMBED_SWIFT_STANDARD_LIBRARIES = YES;
				BUNDLE_LOADER = "$(TEST_HOST)";
				CODE_SIGN_STYLE = Automatic;
				DEVELOPMENT_TEAM = JA3K44V4L9;
				INFOPLIST_FILE = MarvelCardsTests/Info.plist;
				IPHONEOS_DEPLOYMENT_TARGET = 13.4;
				LD_RUNPATH_SEARCH_PATHS = (
					"$(inherited)",
					"@executable_path/Frameworks",
					"@loader_path/Frameworks",
				);
				PRODUCT_BUNDLE_IDENTIFIER = br.com.mkilmer.MarvelCardsTests;
				PRODUCT_NAME = "$(TARGET_NAME)";
				SWIFT_VERSION = 5.0;
				TARGETED_DEVICE_FAMILY = "1,2";
				TEST_HOST = "$(BUILT_PRODUCTS_DIR)/MarvelCards.app/MarvelCards";
			};
			name = Release;
		};
		6428958A2460AB7B005361D0 /* Debug */ = {
			isa = XCBuildConfiguration;
			baseConfigurationReference = 9E2C133E0C9A207E2BCFAE99 /* Pods-MarvelCards-MarvelCardsUITests.debug.xcconfig */;
			buildSettings = {
				ALWAYS_EMBED_SWIFT_STANDARD_LIBRARIES = YES;
				CODE_SIGN_STYLE = Automatic;
				DEVELOPMENT_TEAM = JA3K44V4L9;
				INFOPLIST_FILE = MarvelCardsUITests/Info.plist;
				LD_RUNPATH_SEARCH_PATHS = (
					"$(inherited)",
					"@executable_path/Frameworks",
					"@loader_path/Frameworks",
				);
				PRODUCT_BUNDLE_IDENTIFIER = br.com.mkilmer.MarvelCardsUITests;
				PRODUCT_NAME = "$(TARGET_NAME)";
				SWIFT_VERSION = 5.0;
				TARGETED_DEVICE_FAMILY = "1,2";
				TEST_TARGET_NAME = MarvelCards;
			};
			name = Debug;
		};
		6428958B2460AB7B005361D0 /* Release */ = {
			isa = XCBuildConfiguration;
			baseConfigurationReference = 8557D40EC9760ADD8843C2B3 /* Pods-MarvelCards-MarvelCardsUITests.release.xcconfig */;
			buildSettings = {
				ALWAYS_EMBED_SWIFT_STANDARD_LIBRARIES = YES;
				CODE_SIGN_STYLE = Automatic;
				DEVELOPMENT_TEAM = JA3K44V4L9;
				INFOPLIST_FILE = MarvelCardsUITests/Info.plist;
				LD_RUNPATH_SEARCH_PATHS = (
					"$(inherited)",
					"@executable_path/Frameworks",
					"@loader_path/Frameworks",
				);
				PRODUCT_BUNDLE_IDENTIFIER = br.com.mkilmer.MarvelCardsUITests;
				PRODUCT_NAME = "$(TARGET_NAME)";
				SWIFT_VERSION = 5.0;
				TARGETED_DEVICE_FAMILY = "1,2";
				TEST_TARGET_NAME = MarvelCards;
			};
			name = Release;
		};
/* End XCBuildConfiguration section */

/* Begin XCConfigurationList section */
		642895512460AB76005361D0 /* Build configuration list for PBXProject "MarvelCards" */ = {
			isa = XCConfigurationList;
			buildConfigurations = (
				642895812460AB7B005361D0 /* Debug */,
				642895822460AB7B005361D0 /* Release */,
			);
			defaultConfigurationIsVisible = 0;
			defaultConfigurationName = Release;
		};
		642895832460AB7B005361D0 /* Build configuration list for PBXNativeTarget "MarvelCards" */ = {
			isa = XCConfigurationList;
			buildConfigurations = (
				642895842460AB7B005361D0 /* Debug */,
				642895852460AB7B005361D0 /* Release */,
			);
			defaultConfigurationIsVisible = 0;
			defaultConfigurationName = Release;
		};
		642895862460AB7B005361D0 /* Build configuration list for PBXNativeTarget "MarvelCardsTests" */ = {
			isa = XCConfigurationList;
			buildConfigurations = (
				642895872460AB7B005361D0 /* Debug */,
				642895882460AB7B005361D0 /* Release */,
			);
			defaultConfigurationIsVisible = 0;
			defaultConfigurationName = Release;
		};
		642895892460AB7B005361D0 /* Build configuration list for PBXNativeTarget "MarvelCardsUITests" */ = {
			isa = XCConfigurationList;
			buildConfigurations = (
				6428958A2460AB7B005361D0 /* Debug */,
				6428958B2460AB7B005361D0 /* Release */,
			);
			defaultConfigurationIsVisible = 0;
			defaultConfigurationName = Release;
		};
/* End XCConfigurationList section */

/* Begin XCVersionGroup section */
		642895622460AB76005361D0 /* MarvelCards.xcdatamodeld */ = {
			isa = XCVersionGroup;
			children = (
				642895632460AB76005361D0 /* MarvelCards.xcdatamodel */,
			);
			currentVersion = 642895632460AB76005361D0 /* MarvelCards.xcdatamodel */;
			path = MarvelCards.xcdatamodeld;
			sourceTree = "<group>";
			versionGroupType = wrapper.xcdatamodel;
		};
/* End XCVersionGroup section */
	};
	rootObject = 6428954E2460AB76005361D0 /* Project object */;
}
