// !$*UTF8*$!
{
	archiveVersion = 1;
	classes = {
	};
	objectVersion = 50;
	objects = {

/* Begin PBXBuildFile section */
		6428955A2460AB76005361D0 /* AppDelegate.swift in Sources */ = {isa = PBXBuildFile; fileRef = 642895592460AB76005361D0 /* AppDelegate.swift */; };
		6428955C2460AB76005361D0 /* SceneDelegate.swift in Sources */ = {isa = PBXBuildFile; fileRef = 6428955B2460AB76005361D0 /* SceneDelegate.swift */; };
		6428955E2460AB76005361D0 /* ViewController.swift in Sources */ = {isa = PBXBuildFile; fileRef = 6428955D2460AB76005361D0 /* ViewController.swift */; };
		642895642460AB76005361D0 /* MarvelCards.xcdatamodeld in Sources */ = {isa = PBXBuildFile; fileRef = 642895622460AB76005361D0 /* MarvelCards.xcdatamodeld */; };
		642895662460AB7B005361D0 /* Assets.xcassets in Resources */ = {isa = PBXBuildFile; fileRef = 642895652460AB7B005361D0 /* Assets.xcassets */; };
		642895692460AB7B005361D0 /* LaunchScreen.storyboard in Resources */ = {isa = PBXBuildFile; fileRef = 642895672460AB7B005361D0 /* LaunchScreen.storyboard */; };
		642895742460AB7B005361D0 /* MarvelCardsTests.swift in Sources */ = {isa = PBXBuildFile; fileRef = 642895732460AB7B005361D0 /* MarvelCardsTests.swift */; };
		6428957F2460AB7B005361D0 /* MarvelCardsUITests.swift in Sources */ = {isa = PBXBuildFile; fileRef = 6428957E2460AB7B005361D0 /* MarvelCardsUITests.swift */; };
		642895902460ABF3005361D0 /* LoginViewController.swift in Sources */ = {isa = PBXBuildFile; fileRef = 6428958F2460ABF3005361D0 /* LoginViewController.swift */; };
		642895932460BBCF005361D0 /* CharactersServiceRaw.swift in Sources */ = {isa = PBXBuildFile; fileRef = 642895922460BBCF005361D0 /* CharactersServiceRaw.swift */; };
		642895962460CA8D005361D0 /* Alamofire.framework in Frameworks */ = {isa = PBXBuildFile; fileRef = 642895952460CA8D005361D0 /* Alamofire.framework */; };
		642895972460CA8D005361D0 /* Alamofire.framework in Embed Frameworks */ = {isa = PBXBuildFile; fileRef = 642895952460CA8D005361D0 /* Alamofire.framework */; settings = {ATTRIBUTES = (CodeSignOnCopy, RemoveHeadersOnCopy, ); }; };
		6428959B2460D17D005361D0 /* CharactersModel.swift in Sources */ = {isa = PBXBuildFile; fileRef = 6428959A2460D17D005361D0 /* CharactersModel.swift */; };
		6439EC5E24635C10006139BB /* CreateAccountViewController.swift in Sources */ = {isa = PBXBuildFile; fileRef = 6439EC5D24635C10006139BB /* CreateAccountViewController.swift */; };
		64589CF02461F84C00BC013D /* DataModel.swift in Sources */ = {isa = PBXBuildFile; fileRef = 64589CEF2461F84C00BC013D /* DataModel.swift */; };
		64589CF32461F88F00BC013D /* ResultsModel.swift in Sources */ = {isa = PBXBuildFile; fileRef = 64589CF22461F88F00BC013D /* ResultsModel.swift */; };
		64589CF52461F8B700BC013D /* HeaderInfoModel.swift in Sources */ = {isa = PBXBuildFile; fileRef = 64589CF42461F8B700BC013D /* HeaderInfoModel.swift */; };
		64589CF72461F8DA00BC013D /* ThumbnailModel.swift in Sources */ = {isa = PBXBuildFile; fileRef = 64589CF62461F8DA00BC013D /* ThumbnailModel.swift */; };
		64589CF92461F8F000BC013D /* ComicsModel.swift in Sources */ = {isa = PBXBuildFile; fileRef = 64589CF82461F8F000BC013D /* ComicsModel.swift */; };
		64589CFB2461F91B00BC013D /* ItemsModel.swift in Sources */ = {isa = PBXBuildFile; fileRef = 64589CFA2461F91B00BC013D /* ItemsModel.swift */; };
		64589CFD2461F93E00BC013D /* EventsModel.swift in Sources */ = {isa = PBXBuildFile; fileRef = 64589CFC2461F93E00BC013D /* EventsModel.swift */; };
		64589CFF2461F96900BC013D /* ItemsTypeModel.swift in Sources */ = {isa = PBXBuildFile; fileRef = 64589CFE2461F96900BC013D /* ItemsTypeModel.swift */; };
		64589D012461F98100BC013D /* URLModel.swift in Sources */ = {isa = PBXBuildFile; fileRef = 64589D002461F98100BC013D /* URLModel.swift */; };
		64589D032461F99F00BC013D /* SeriesModel.swift in Sources */ = {isa = PBXBuildFile; fileRef = 64589D022461F99F00BC013D /* SeriesModel.swift */; };
		64589D052461F9B100BC013D /* StoriesModel.swift in Sources */ = {isa = PBXBuildFile; fileRef = 64589D042461F9B100BC013D /* StoriesModel.swift */; };
		64C0E95F246227EE00D65232 /* LoginView.swift in Sources */ = {isa = PBXBuildFile; fileRef = 64C0E95E246227EE00D65232 /* LoginView.swift */; };
/* End PBXBuildFile section */

/* Begin PBXContainerItemProxy section */
		642895702460AB7B005361D0 /* PBXContainerItemProxy */ = {
			isa = PBXContainerItemProxy;
			containerPortal = 6428954E2460AB76005361D0 /* Project object */;
			proxyType = 1;
			remoteGlobalIDString = 642895552460AB76005361D0;
			remoteInfo = MarvelCards;
		};
		6428957B2460AB7B005361D0 /* PBXContainerItemProxy */ = {
			isa = PBXContainerItemProxy;
			containerPortal = 6428954E2460AB76005361D0 /* Project object */;
			proxyType = 1;
			remoteGlobalIDString = 642895552460AB76005361D0;
			remoteInfo = MarvelCards;
		};
/* End PBXContainerItemProxy section */

/* Begin PBXCopyFilesBuildPhase section */
		642895982460CA8D005361D0 /* Embed Frameworks */ = {
			isa = PBXCopyFilesBuildPhase;
			buildActionMask = 2147483647;
			dstPath = "";
			dstSubfolderSpec = 10;
			files = (
				642895972460CA8D005361D0 /* Alamofire.framework in Embed Frameworks */,
			);
			name = "Embed Frameworks";
			runOnlyForDeploymentPostprocessing = 0;
		};
/* End PBXCopyFilesBuildPhase section */

/* Begin PBXFileReference section */
		642895562460AB76005361D0 /* MarvelCards.app */ = {isa = PBXFileReference; explicitFileType = wrapper.application; includeInIndex = 0; path = MarvelCards.app; sourceTree = BUILT_PRODUCTS_DIR; };
		642895592460AB76005361D0 /* AppDelegate.swift */ = {isa = PBXFileReference; lastKnownFileType = sourcecode.swift; path = AppDelegate.swift; sourceTree = "<group>"; };
		6428955B2460AB76005361D0 /* SceneDelegate.swift */ = {isa = PBXFileReference; lastKnownFileType = sourcecode.swift; path = SceneDelegate.swift; sourceTree = "<group>"; };
		6428955D2460AB76005361D0 /* ViewController.swift */ = {isa = PBXFileReference; lastKnownFileType = sourcecode.swift; path = ViewController.swift; sourceTree = "<group>"; };
		642895632460AB76005361D0 /* MarvelCards.xcdatamodel */ = {isa = PBXFileReference; lastKnownFileType = wrapper.xcdatamodel; path = MarvelCards.xcdatamodel; sourceTree = "<group>"; };
		642895652460AB7B005361D0 /* Assets.xcassets */ = {isa = PBXFileReference; lastKnownFileType = folder.assetcatalog; path = Assets.xcassets; sourceTree = "<group>"; };
		642895682460AB7B005361D0 /* Base */ = {isa = PBXFileReference; lastKnownFileType = file.storyboard; name = Base; path = Base.lproj/LaunchScreen.storyboard; sourceTree = "<group>"; };
		6428956A2460AB7B005361D0 /* Info.plist */ = {isa = PBXFileReference; lastKnownFileType = text.plist.xml; path = Info.plist; sourceTree = "<group>"; };
		6428956F2460AB7B005361D0 /* MarvelCardsTests.xctest */ = {isa = PBXFileReference; explicitFileType = wrapper.cfbundle; includeInIndex = 0; path = MarvelCardsTests.xctest; sourceTree = BUILT_PRODUCTS_DIR; };
		642895732460AB7B005361D0 /* MarvelCardsTests.swift */ = {isa = PBXFileReference; lastKnownFileType = sourcecode.swift; path = MarvelCardsTests.swift; sourceTree = "<group>"; };
		642895752460AB7B005361D0 /* Info.plist */ = {isa = PBXFileReference; lastKnownFileType = text.plist.xml; path = Info.plist; sourceTree = "<group>"; };
		6428957A2460AB7B005361D0 /* MarvelCardsUITests.xctest */ = {isa = PBXFileReference; explicitFileType = wrapper.cfbundle; includeInIndex = 0; path = MarvelCardsUITests.xctest; sourceTree = BUILT_PRODUCTS_DIR; };
		6428957E2460AB7B005361D0 /* MarvelCardsUITests.swift */ = {isa = PBXFileReference; lastKnownFileType = sourcecode.swift; path = MarvelCardsUITests.swift; sourceTree = "<group>"; };
		642895802460AB7B005361D0 /* Info.plist */ = {isa = PBXFileReference; lastKnownFileType = text.plist.xml; path = Info.plist; sourceTree = "<group>"; };
		6428958F2460ABF3005361D0 /* LoginViewController.swift */ = {isa = PBXFileReference; lastKnownFileType = sourcecode.swift; path = LoginViewController.swift; sourceTree = "<group>"; };
		642895922460BBCF005361D0 /* CharactersServiceRaw.swift */ = {isa = PBXFileReference; lastKnownFileType = sourcecode.swift; path = CharactersServiceRaw.swift; sourceTree = "<group>"; };
		642895952460CA8D005361D0 /* Alamofire.framework */ = {isa = PBXFileReference; lastKnownFileType = wrapper.framework; name = Alamofire.framework; path = Carthage/Build/iOS/Alamofire.framework; sourceTree = "<group>"; };
		6428959A2460D17D005361D0 /* CharactersModel.swift */ = {isa = PBXFileReference; lastKnownFileType = sourcecode.swift; path = CharactersModel.swift; sourceTree = "<group>"; };
		6439EC5D24635C10006139BB /* CreateAccountViewController.swift */ = {isa = PBXFileReference; lastKnownFileType = sourcecode.swift; path = CreateAccountViewController.swift; sourceTree = "<group>"; };
		64589CEF2461F84C00BC013D /* DataModel.swift */ = {isa = PBXFileReference; lastKnownFileType = sourcecode.swift; path = DataModel.swift; sourceTree = "<group>"; };
		64589CF22461F88F00BC013D /* ResultsModel.swift */ = {isa = PBXFileReference; lastKnownFileType = sourcecode.swift; path = ResultsModel.swift; sourceTree = "<group>"; };
		64589CF42461F8B700BC013D /* HeaderInfoModel.swift */ = {isa = PBXFileReference; lastKnownFileType = sourcecode.swift; path = HeaderInfoModel.swift; sourceTree = "<group>"; };
		64589CF62461F8DA00BC013D /* ThumbnailModel.swift */ = {isa = PBXFileReference; lastKnownFileType = sourcecode.swift; path = ThumbnailModel.swift; sourceTree = "<group>"; };
		64589CF82461F8F000BC013D /* ComicsModel.swift */ = {isa = PBXFileReference; lastKnownFileType = sourcecode.swift; path = ComicsModel.swift; sourceTree = "<group>"; };
		64589CFA2461F91B00BC013D /* ItemsModel.swift */ = {isa = PBXFileReference; lastKnownFileType = sourcecode.swift; path = ItemsModel.swift; sourceTree = "<group>"; };
		64589CFC2461F93E00BC013D /* EventsModel.swift */ = {isa = PBXFileReference; lastKnownFileType = sourcecode.swift; path = EventsModel.swift; sourceTree = "<group>"; };
		64589CFE2461F96900BC013D /* ItemsTypeModel.swift */ = {isa = PBXFileReference; lastKnownFileType = sourcecode.swift; path = ItemsTypeModel.swift; sourceTree = "<group>"; };
		64589D002461F98100BC013D /* URLModel.swift */ = {isa = PBXFileReference; lastKnownFileType = sourcecode.swift; path = URLModel.swift; sourceTree = "<group>"; };
		64589D022461F99F00BC013D /* SeriesModel.swift */ = {isa = PBXFileReference; lastKnownFileType = sourcecode.swift; path = SeriesModel.swift; sourceTree = "<group>"; };
		64589D042461F9B100BC013D /* StoriesModel.swift */ = {isa = PBXFileReference; lastKnownFileType = sourcecode.swift; path = StoriesModel.swift; sourceTree = "<group>"; };
		64C0E95E246227EE00D65232 /* LoginView.swift */ = {isa = PBXFileReference; lastKnownFileType = sourcecode.swift; path = LoginView.swift; sourceTree = "<group>"; };
/* End PBXFileReference section */

/* Begin PBXFrameworksBuildPhase section */
		642895532460AB76005361D0 /* Frameworks */ = {
			isa = PBXFrameworksBuildPhase;
			buildActionMask = 2147483647;
			files = (
				642895962460CA8D005361D0 /* Alamofire.framework in Frameworks */,
			);
			runOnlyForDeploymentPostprocessing = 0;
		};
		6428956C2460AB7B005361D0 /* Frameworks */ = {
			isa = PBXFrameworksBuildPhase;
			buildActionMask = 2147483647;
			files = (
			);
			runOnlyForDeploymentPostprocessing = 0;
		};
		642895772460AB7B005361D0 /* Frameworks */ = {
			isa = PBXFrameworksBuildPhase;
			buildActionMask = 2147483647;
			files = (
			);
			runOnlyForDeploymentPostprocessing = 0;
		};
/* End PBXFrameworksBuildPhase section */

/* Begin PBXGroup section */
		6428954D2460AB76005361D0 = {
			isa = PBXGroup;
			children = (
				642895582460AB76005361D0 /* MarvelCards */,
				642895722460AB7B005361D0 /* MarvelCardsTests */,
				6428957D2460AB7B005361D0 /* MarvelCardsUITests */,
				642895572460AB76005361D0 /* Products */,
				642895942460CA8D005361D0 /* Frameworks */,
			);
			sourceTree = "<group>";
		};
		642895572460AB76005361D0 /* Products */ = {
			isa = PBXGroup;
			children = (
				642895562460AB76005361D0 /* MarvelCards.app */,
				6428956F2460AB7B005361D0 /* MarvelCardsTests.xctest */,
				6428957A2460AB7B005361D0 /* MarvelCardsUITests.xctest */,
			);
			name = Products;
			sourceTree = "<group>";
		};
		642895582460AB76005361D0 /* MarvelCards */ = {
			isa = PBXGroup;
			children = (
				642895912460BBB2005361D0 /* Services */,
				6428958E2460ABDE005361D0 /* Model */,
				6428958D2460ABD6005361D0 /* View */,
				6428958C2460ABC7005361D0 /* Controller */,
				642895592460AB76005361D0 /* AppDelegate.swift */,
				6428955B2460AB76005361D0 /* SceneDelegate.swift */,
				6428955D2460AB76005361D0 /* ViewController.swift */,
				642895652460AB7B005361D0 /* Assets.xcassets */,
				642895672460AB7B005361D0 /* LaunchScreen.storyboard */,
				6428956A2460AB7B005361D0 /* Info.plist */,
				642895622460AB76005361D0 /* MarvelCards.xcdatamodeld */,
			);
			path = MarvelCards;
			sourceTree = "<group>";
		};
		642895722460AB7B005361D0 /* MarvelCardsTests */ = {
			isa = PBXGroup;
			children = (
				642895732460AB7B005361D0 /* MarvelCardsTests.swift */,
				642895752460AB7B005361D0 /* Info.plist */,
			);
			path = MarvelCardsTests;
			sourceTree = "<group>";
		};
		6428957D2460AB7B005361D0 /* MarvelCardsUITests */ = {
			isa = PBXGroup;
			children = (
				6428957E2460AB7B005361D0 /* MarvelCardsUITests.swift */,
				642895802460AB7B005361D0 /* Info.plist */,
			);
			path = MarvelCardsUITests;
			sourceTree = "<group>";
		};
		6428958C2460ABC7005361D0 /* Controller */ = {
			isa = PBXGroup;
			children = (
				6428958F2460ABF3005361D0 /* LoginViewController.swift */,
				6439EC5D24635C10006139BB /* CreateAccountViewController.swift */,
			);
			path = Controller;
			sourceTree = "<group>";
		};
		6428958D2460ABD6005361D0 /* View */ = {
			isa = PBXGroup;
			children = (
				64C0E95E246227EE00D65232 /* LoginView.swift */,
			);
			path = View;
			sourceTree = "<group>";
		};
		6428958E2460ABDE005361D0 /* Model */ = {
			isa = PBXGroup;
			children = (
				64589CF12461F86700BC013D /* CharacterServiceModel */,
			);
			path = Model;
			sourceTree = "<group>";
		};
		642895912460BBB2005361D0 /* Services */ = {
			isa = PBXGroup;
			children = (
				642895922460BBCF005361D0 /* CharactersServiceRaw.swift */,
			);
			path = Services;
			sourceTree = "<group>";
		};
		642895942460CA8D005361D0 /* Frameworks */ = {
			isa = PBXGroup;
			children = (
				642895952460CA8D005361D0 /* Alamofire.framework */,
			);
			name = Frameworks;
			sourceTree = "<group>";
		};
		64589CF12461F86700BC013D /* CharacterServiceModel */ = {
			isa = PBXGroup;
			children = (
				6428959A2460D17D005361D0 /* CharactersModel.swift */,
				64589CEF2461F84C00BC013D /* DataModel.swift */,
				64589CF22461F88F00BC013D /* ResultsModel.swift */,
				64589CF42461F8B700BC013D /* HeaderInfoModel.swift */,
				64589CF62461F8DA00BC013D /* ThumbnailModel.swift */,
				64589CF82461F8F000BC013D /* ComicsModel.swift */,
				64589CFA2461F91B00BC013D /* ItemsModel.swift */,
				64589CFC2461F93E00BC013D /* EventsModel.swift */,
				64589CFE2461F96900BC013D /* ItemsTypeModel.swift */,
				64589D002461F98100BC013D /* URLModel.swift */,
				64589D022461F99F00BC013D /* SeriesModel.swift */,
				64589D042461F9B100BC013D /* StoriesModel.swift */,
			);
			path = CharacterServiceModel;
			sourceTree = "<group>";
		};
/* End PBXGroup section */

/* Begin PBXNativeTarget section */
		642895552460AB76005361D0 /* MarvelCards */ = {
			isa = PBXNativeTarget;
			buildConfigurationList = 642895832460AB7B005361D0 /* Build configuration list for PBXNativeTarget "MarvelCards" */;
			buildPhases = (
				642895522460AB76005361D0 /* Sources */,
				642895532460AB76005361D0 /* Frameworks */,
				642895542460AB76005361D0 /* Resources */,
				642895982460CA8D005361D0 /* Embed Frameworks */,
				642895992460CB05005361D0 /* Copy Carthage Frameworks */,
			);
			buildRules = (
			);
			dependencies = (
			);
			name = MarvelCards;
			productName = MarvelCards;
			productReference = 642895562460AB76005361D0 /* MarvelCards.app */;
			productType = "com.apple.product-type.application";
		};
		6428956E2460AB7B005361D0 /* MarvelCardsTests */ = {
			isa = PBXNativeTarget;
			buildConfigurationList = 642895862460AB7B005361D0 /* Build configuration list for PBXNativeTarget "MarvelCardsTests" */;
			buildPhases = (
				6428956B2460AB7B005361D0 /* Sources */,
				6428956C2460AB7B005361D0 /* Frameworks */,
				6428956D2460AB7B005361D0 /* Resources */,
			);
			buildRules = (
			);
			dependencies = (
				642895712460AB7B005361D0 /* PBXTargetDependency */,
			);
			name = MarvelCardsTests;
			productName = MarvelCardsTests;
			productReference = 6428956F2460AB7B005361D0 /* MarvelCardsTests.xctest */;
			productType = "com.apple.product-type.bundle.unit-test";
		};
		642895792460AB7B005361D0 /* MarvelCardsUITests */ = {
			isa = PBXNativeTarget;
			buildConfigurationList = 642895892460AB7B005361D0 /* Build configuration list for PBXNativeTarget "MarvelCardsUITests" */;
			buildPhases = (
				642895762460AB7B005361D0 /* Sources */,
				642895772460AB7B005361D0 /* Frameworks */,
				642895782460AB7B005361D0 /* Resources */,
			);
			buildRules = (
			);
			dependencies = (
				6428957C2460AB7B005361D0 /* PBXTargetDependency */,
			);
			name = MarvelCardsUITests;
			productName = MarvelCardsUITests;
			productReference = 6428957A2460AB7B005361D0 /* MarvelCardsUITests.xctest */;
			productType = "com.apple.product-type.bundle.ui-testing";
		};
/* End PBXNativeTarget section */

/* Begin PBXProject section */
		6428954E2460AB76005361D0 /* Project object */ = {
			isa = PBXProject;
			attributes = {
				LastSwiftUpdateCheck = 1140;
				LastUpgradeCheck = 1140;
				ORGANIZATIONNAME = mkilmer;
				TargetAttributes = {
					642895552460AB76005361D0 = {
						CreatedOnToolsVersion = 11.4.1;
					};
					6428956E2460AB7B005361D0 = {
						CreatedOnToolsVersion = 11.4.1;
						TestTargetID = 642895552460AB76005361D0;
					};
					642895792460AB7B005361D0 = {
						CreatedOnToolsVersion = 11.4.1;
						TestTargetID = 642895552460AB76005361D0;
					};
				};
			};
			buildConfigurationList = 642895512460AB76005361D0 /* Build configuration list for PBXProject "MarvelCards" */;
			compatibilityVersion = "Xcode 9.3";
			developmentRegion = en;
			hasScannedForEncodings = 0;
			knownRegions = (
				en,
				Base,
			);
			mainGroup = 6428954D2460AB76005361D0;
			productRefGroup = 642895572460AB76005361D0 /* Products */;
			projectDirPath = "";
			projectRoot = "";
			targets = (
				642895552460AB76005361D0 /* MarvelCards */,
				6428956E2460AB7B005361D0 /* MarvelCardsTests */,
				642895792460AB7B005361D0 /* MarvelCardsUITests */,
			);
		};
/* End PBXProject section */

/* Begin PBXResourcesBuildPhase section */
		642895542460AB76005361D0 /* Resources */ = {
			isa = PBXResourcesBuildPhase;
			buildActionMask = 2147483647;
			files = (
				642895692460AB7B005361D0 /* LaunchScreen.storyboard in Resources */,
				642895662460AB7B005361D0 /* Assets.xcassets in Resources */,
			);
			runOnlyForDeploymentPostprocessing = 0;
		};
		6428956D2460AB7B005361D0 /* Resources */ = {
			isa = PBXResourcesBuildPhase;
			buildActionMask = 2147483647;
			files = (
			);
			runOnlyForDeploymentPostprocessing = 0;
		};
		642895782460AB7B005361D0 /* Resources */ = {
			isa = PBXResourcesBuildPhase;
			buildActionMask = 2147483647;
			files = (
			);
			runOnlyForDeploymentPostprocessing = 0;
		};
/* End PBXResourcesBuildPhase section */

/* Begin PBXShellScriptBuildPhase section */
		642895992460CB05005361D0 /* Copy Carthage Frameworks */ = {
			isa = PBXShellScriptBuildPhase;
			buildActionMask = 2147483647;
			files = (
			);
			inputFileListPaths = (
			);
			inputPaths = (
				"$(SRCROOT)/Carthage/Build/iOS/Alamofire.framework",
			);
			name = "Copy Carthage Frameworks";
			outputFileListPaths = (
			);
			outputPaths = (
			);
			runOnlyForDeploymentPostprocessing = 0;
			shellPath = /bin/sh;
			shellScript = "# Type a script or drag a script file from your workspace to insert its path.\n/usr/local/bin/carthage copy-frameworks\n";
		};
/* End PBXShellScriptBuildPhase section */

/* Begin PBXSourcesBuildPhase section */
		642895522460AB76005361D0 /* Sources */ = {
			isa = PBXSourcesBuildPhase;
			buildActionMask = 2147483647;
			files = (
				6439EC5E24635C10006139BB /* CreateAccountViewController.swift in Sources */,
				642895902460ABF3005361D0 /* LoginViewController.swift in Sources */,
				64589D052461F9B100BC013D /* StoriesModel.swift in Sources */,
				642895642460AB76005361D0 /* MarvelCards.xcdatamodeld in Sources */,
				6428959B2460D17D005361D0 /* CharactersModel.swift in Sources */,
				64589CF92461F8F000BC013D /* ComicsModel.swift in Sources */,
				64589CF32461F88F00BC013D /* ResultsModel.swift in Sources */,
				6428955E2460AB76005361D0 /* ViewController.swift in Sources */,
				6428955A2460AB76005361D0 /* AppDelegate.swift in Sources */,
				642895932460BBCF005361D0 /* CharactersServiceRaw.swift in Sources */,
				64589CF72461F8DA00BC013D /* ThumbnailModel.swift in Sources */,
				64589CFB2461F91B00BC013D /* ItemsModel.swift in Sources */,
				64589CFF2461F96900BC013D /* ItemsTypeModel.swift in Sources */,
				64589CF52461F8B700BC013D /* HeaderInfoModel.swift in Sources */,
				6428955C2460AB76005361D0 /* SceneDelegate.swift in Sources */,
				64589D012461F98100BC013D /* URLModel.swift in Sources */,
				64589CFD2461F93E00BC013D /* EventsModel.swift in Sources */,
				64C0E95F246227EE00D65232 /* LoginView.swift in Sources */,
				64589CF02461F84C00BC013D /* DataModel.swift in Sources */,
				64589D032461F99F00BC013D /* SeriesModel.swift in Sources */,
			);
			runOnlyForDeploymentPostprocessing = 0;
		};
		6428956B2460AB7B005361D0 /* Sources */ = {
			isa = PBXSourcesBuildPhase;
			buildActionMask = 2147483647;
			files = (
				642895742460AB7B005361D0 /* MarvelCardsTests.swift in Sources */,
			);
			runOnlyForDeploymentPostprocessing = 0;
		};
		642895762460AB7B005361D0 /* Sources */ = {
			isa = PBXSourcesBuildPhase;
			buildActionMask = 2147483647;
			files = (
				6428957F2460AB7B005361D0 /* MarvelCardsUITests.swift in Sources */,
			);
			runOnlyForDeploymentPostprocessing = 0;
		};
/* End PBXSourcesBuildPhase section */

/* Begin PBXTargetDependency section */
		642895712460AB7B005361D0 /* PBXTargetDependency */ = {
			isa = PBXTargetDependency;
			target = 642895552460AB76005361D0 /* MarvelCards */;
			targetProxy = 642895702460AB7B005361D0 /* PBXContainerItemProxy */;
		};
		6428957C2460AB7B005361D0 /* PBXTargetDependency */ = {
			isa = PBXTargetDependency;
			target = 642895552460AB76005361D0 /* MarvelCards */;
			targetProxy = 6428957B2460AB7B005361D0 /* PBXContainerItemProxy */;
		};
/* End PBXTargetDependency section */

/* Begin PBXVariantGroup section */
		642895672460AB7B005361D0 /* LaunchScreen.storyboard */ = {
			isa = PBXVariantGroup;
			children = (
				642895682460AB7B005361D0 /* Base */,
			);
			name = LaunchScreen.storyboard;
			sourceTree = "<group>";
		};
/* End PBXVariantGroup section */

/* Begin XCBuildConfiguration section */
		642895812460AB7B005361D0 /* Debug */ = {
			isa = XCBuildConfiguration;
			buildSettings = {
				ALWAYS_SEARCH_USER_PATHS = NO;
				CLANG_ANALYZER_NONNULL = YES;
				CLANG_ANALYZER_NUMBER_OBJECT_CONVERSION = YES_AGGRESSIVE;
				CLANG_CXX_LANGUAGE_STANDARD = "gnu++14";
				CLANG_CXX_LIBRARY = "libc++";
				CLANG_ENABLE_MODULES = YES;
				CLANG_ENABLE_OBJC_ARC = YES;
				CLANG_ENABLE_OBJC_WEAK = YES;
				CLANG_WARN_BLOCK_CAPTURE_AUTORELEASING = YES;
				CLANG_WARN_BOOL_CONVERSION = YES;
				CLANG_WARN_COMMA = YES;
				CLANG_WARN_CONSTANT_CONVERSION = YES;
				CLANG_WARN_DEPRECATED_OBJC_IMPLEMENTATIONS = YES;
				CLANG_WARN_DIRECT_OBJC_ISA_USAGE = YES_ERROR;
				CLANG_WARN_DOCUMENTATION_COMMENTS = YES;
				CLANG_WARN_EMPTY_BODY = YES;
				CLANG_WARN_ENUM_CONVERSION = YES;
				CLANG_WARN_INFINITE_RECURSION = YES;
				CLANG_WARN_INT_CONVERSION = YES;
				CLANG_WARN_NON_LITERAL_NULL_CONVERSION = YES;
				CLANG_WARN_OBJC_IMPLICIT_RETAIN_SELF = YES;
				CLANG_WARN_OBJC_LITERAL_CONVERSION = YES;
				CLANG_WARN_OBJC_ROOT_CLASS = YES_ERROR;
				CLANG_WARN_RANGE_LOOP_ANALYSIS = YES;
				CLANG_WARN_STRICT_PROTOTYPES = YES;
				CLANG_WARN_SUSPICIOUS_MOVE = YES;
				CLANG_WARN_UNGUARDED_AVAILABILITY = YES_AGGRESSIVE;
				CLANG_WARN_UNREACHABLE_CODE = YES;
				CLANG_WARN__DUPLICATE_METHOD_MATCH = YES;
				COPY_PHASE_STRIP = NO;
				DEBUG_INFORMATION_FORMAT = dwarf;
				ENABLE_STRICT_OBJC_MSGSEND = YES;
				ENABLE_TESTABILITY = YES;
				GCC_C_LANGUAGE_STANDARD = gnu11;
				GCC_DYNAMIC_NO_PIC = NO;
				GCC_NO_COMMON_BLOCKS = YES;
				GCC_OPTIMIZATION_LEVEL = 0;
				GCC_PREPROCESSOR_DEFINITIONS = (
					"DEBUG=1",
					"$(inherited)",
				);
				GCC_WARN_64_TO_32_BIT_CONVERSION = YES;
				GCC_WARN_ABOUT_RETURN_TYPE = YES_ERROR;
				GCC_WARN_UNDECLARED_SELECTOR = YES;
				GCC_WARN_UNINITIALIZED_AUTOS = YES_AGGRESSIVE;
				GCC_WARN_UNUSED_FUNCTION = YES;
				GCC_WARN_UNUSED_VARIABLE = YES;
				IPHONEOS_DEPLOYMENT_TARGET = 13.4;
				MTL_ENABLE_DEBUG_INFO = INCLUDE_SOURCE;
				MTL_FAST_MATH = YES;
				ONLY_ACTIVE_ARCH = YES;
				SDKROOT = iphoneos;
				SWIFT_ACTIVE_COMPILATION_CONDITIONS = DEBUG;
				SWIFT_OPTIMIZATION_LEVEL = "-Onone";
			};
			name = Debug;
		};
		642895822460AB7B005361D0 /* Release */ = {
			isa = XCBuildConfiguration;
			buildSettings = {
				ALWAYS_SEARCH_USER_PATHS = NO;
				CLANG_ANALYZER_NONNULL = YES;
				CLANG_ANALYZER_NUMBER_OBJECT_CONVERSION = YES_AGGRESSIVE;
				CLANG_CXX_LANGUAGE_STANDARD = "gnu++14";
				CLANG_CXX_LIBRARY = "libc++";
				CLANG_ENABLE_MODULES = YES;
				CLANG_ENABLE_OBJC_ARC = YES;
				CLANG_ENABLE_OBJC_WEAK = YES;
				CLANG_WARN_BLOCK_CAPTURE_AUTORELEASING = YES;
				CLANG_WARN_BOOL_CONVERSION = YES;
				CLANG_WARN_COMMA = YES;
				CLANG_WARN_CONSTANT_CONVERSION = YES;
				CLANG_WARN_DEPRECATED_OBJC_IMPLEMENTATIONS = YES;
				CLANG_WARN_DIRECT_OBJC_ISA_USAGE = YES_ERROR;
				CLANG_WARN_DOCUMENTATION_COMMENTS = YES;
				CLANG_WARN_EMPTY_BODY = YES;
				CLANG_WARN_ENUM_CONVERSION = YES;
				CLANG_WARN_INFINITE_RECURSION = YES;
				CLANG_WARN_INT_CONVERSION = YES;
				CLANG_WARN_NON_LITERAL_NULL_CONVERSION = YES;
				CLANG_WARN_OBJC_IMPLICIT_RETAIN_SELF = YES;
				CLANG_WARN_OBJC_LITERAL_CONVERSION = YES;
				CLANG_WARN_OBJC_ROOT_CLASS = YES_ERROR;
				CLANG_WARN_RANGE_LOOP_ANALYSIS = YES;
				CLANG_WARN_STRICT_PROTOTYPES = YES;
				CLANG_WARN_SUSPICIOUS_MOVE = YES;
				CLANG_WARN_UNGUARDED_AVAILABILITY = YES_AGGRESSIVE;
				CLANG_WARN_UNREACHABLE_CODE = YES;
				CLANG_WARN__DUPLICATE_METHOD_MATCH = YES;
				COPY_PHASE_STRIP = NO;
				DEBUG_INFORMATION_FORMAT = "dwarf-with-dsym";
				ENABLE_NS_ASSERTIONS = NO;
				ENABLE_STRICT_OBJC_MSGSEND = YES;
				GCC_C_LANGUAGE_STANDARD = gnu11;
				GCC_NO_COMMON_BLOCKS = YES;
				GCC_WARN_64_TO_32_BIT_CONVERSION = YES;
				GCC_WARN_ABOUT_RETURN_TYPE = YES_ERROR;
				GCC_WARN_UNDECLARED_SELECTOR = YES;
				GCC_WARN_UNINITIALIZED_AUTOS = YES_AGGRESSIVE;
				GCC_WARN_UNUSED_FUNCTION = YES;
				GCC_WARN_UNUSED_VARIABLE = YES;
				IPHONEOS_DEPLOYMENT_TARGET = 13.4;
				MTL_ENABLE_DEBUG_INFO = NO;
				MTL_FAST_MATH = YES;
				SDKROOT = iphoneos;
				SWIFT_COMPILATION_MODE = wholemodule;
				SWIFT_OPTIMIZATION_LEVEL = "-O";
				VALIDATE_PRODUCT = YES;
			};
			name = Release;
		};
		642895842460AB7B005361D0 /* Debug */ = {
			isa = XCBuildConfiguration;
			buildSettings = {
				ASSETCATALOG_COMPILER_APPICON_NAME = AppIcon;
				CODE_SIGN_STYLE = Automatic;
				DEVELOPMENT_TEAM = JA3K44V4L9;
				FRAMEWORK_SEARCH_PATHS = (
					"$(inherited)",
					"$(PROJECT_DIR)/Carthage/Build/iOS",
				);
				INFOPLIST_FILE = MarvelCards/Info.plist;
				LD_RUNPATH_SEARCH_PATHS = (
					"$(inherited)",
					"@executable_path/Frameworks",
				);
				PRODUCT_BUNDLE_IDENTIFIER = br.com.mkilmer.MarvelCards;
				PRODUCT_NAME = "$(TARGET_NAME)";
				SWIFT_VERSION = 5.0;
				TARGETED_DEVICE_FAMILY = "1,2";
			};
			name = Debug;
		};
		642895852460AB7B005361D0 /* Release */ = {
			isa = XCBuildConfiguration;
			buildSettings = {
				ASSETCATALOG_COMPILER_APPICON_NAME = AppIcon;
				CODE_SIGN_STYLE = Automatic;
				DEVELOPMENT_TEAM = JA3K44V4L9;
				FRAMEWORK_SEARCH_PATHS = (
					"$(inherited)",
					"$(PROJECT_DIR)/Carthage/Build/iOS",
				);
				INFOPLIST_FILE = MarvelCards/Info.plist;
				LD_RUNPATH_SEARCH_PATHS = (
					"$(inherited)",
					"@executable_path/Frameworks",
				);
				PRODUCT_BUNDLE_IDENTIFIER = br.com.mkilmer.MarvelCards;
				PRODUCT_NAME = "$(TARGET_NAME)";
				SWIFT_VERSION = 5.0;
				TARGETED_DEVICE_FAMILY = "1,2";
			};
			name = Release;
		};
		642895872460AB7B005361D0 /* Debug */ = {
			isa = XCBuildConfiguration;
			buildSettings = {
				ALWAYS_EMBED_SWIFT_STANDARD_LIBRARIES = YES;
				BUNDLE_LOADER = "$(TEST_HOST)";
				CODE_SIGN_STYLE = Automatic;
				DEVELOPMENT_TEAM = JA3K44V4L9;
				INFOPLIST_FILE = MarvelCardsTests/Info.plist;
				IPHONEOS_DEPLOYMENT_TARGET = 13.4;
				LD_RUNPATH_SEARCH_PATHS = (
					"$(inherited)",
					"@executable_path/Frameworks",
					"@loader_path/Frameworks",
				);
				PRODUCT_BUNDLE_IDENTIFIER = br.com.mkilmer.MarvelCardsTests;
				PRODUCT_NAME = "$(TARGET_NAME)";
				SWIFT_VERSION = 5.0;
				TARGETED_DEVICE_FAMILY = "1,2";
				TEST_HOST = "$(BUILT_PRODUCTS_DIR)/MarvelCards.app/MarvelCards";
			};
			name = Debug;
		};
		642895882460AB7B005361D0 /* Release */ = {
			isa = XCBuildConfiguration;
			buildSettings = {
				ALWAYS_EMBED_SWIFT_STANDARD_LIBRARIES = YES;
				BUNDLE_LOADER = "$(TEST_HOST)";
				CODE_SIGN_STYLE = Automatic;
				DEVELOPMENT_TEAM = JA3K44V4L9;
				INFOPLIST_FILE = MarvelCardsTests/Info.plist;
				IPHONEOS_DEPLOYMENT_TARGET = 13.4;
				LD_RUNPATH_SEARCH_PATHS = (
					"$(inherited)",
					"@executable_path/Frameworks",
					"@loader_path/Frameworks",
				);
				PRODUCT_BUNDLE_IDENTIFIER = br.com.mkilmer.MarvelCardsTests;
				PRODUCT_NAME = "$(TARGET_NAME)";
				SWIFT_VERSION = 5.0;
				TARGETED_DEVICE_FAMILY = "1,2";
				TEST_HOST = "$(BUILT_PRODUCTS_DIR)/MarvelCards.app/MarvelCards";
			};
			name = Release;
		};
		6428958A2460AB7B005361D0 /* Debug */ = {
			isa = XCBuildConfiguration;
			buildSettings = {
				ALWAYS_EMBED_SWIFT_STANDARD_LIBRARIES = YES;
				CODE_SIGN_STYLE = Automatic;
				DEVELOPMENT_TEAM = JA3K44V4L9;
				INFOPLIST_FILE = MarvelCardsUITests/Info.plist;
				LD_RUNPATH_SEARCH_PATHS = (
					"$(inherited)",
					"@executable_path/Frameworks",
					"@loader_path/Frameworks",
				);
				PRODUCT_BUNDLE_IDENTIFIER = br.com.mkilmer.MarvelCardsUITests;
				PRODUCT_NAME = "$(TARGET_NAME)";
				SWIFT_VERSION = 5.0;
				TARGETED_DEVICE_FAMILY = "1,2";
				TEST_TARGET_NAME = MarvelCards;
			};
			name = Debug;
		};
		6428958B2460AB7B005361D0 /* Release */ = {
			isa = XCBuildConfiguration;
			buildSettings = {
				ALWAYS_EMBED_SWIFT_STANDARD_LIBRARIES = YES;
				CODE_SIGN_STYLE = Automatic;
				DEVELOPMENT_TEAM = JA3K44V4L9;
				INFOPLIST_FILE = MarvelCardsUITests/Info.plist;
				LD_RUNPATH_SEARCH_PATHS = (
					"$(inherited)",
					"@executable_path/Frameworks",
					"@loader_path/Frameworks",
				);
				PRODUCT_BUNDLE_IDENTIFIER = br.com.mkilmer.MarvelCardsUITests;
				PRODUCT_NAME = "$(TARGET_NAME)";
				SWIFT_VERSION = 5.0;
				TARGETED_DEVICE_FAMILY = "1,2";
				TEST_TARGET_NAME = MarvelCards;
			};
			name = Release;
		};
/* End XCBuildConfiguration section */

/* Begin XCConfigurationList section */
		642895512460AB76005361D0 /* Build configuration list for PBXProject "MarvelCards" */ = {
			isa = XCConfigurationList;
			buildConfigurations = (
				642895812460AB7B005361D0 /* Debug */,
				642895822460AB7B005361D0 /* Release */,
			);
			defaultConfigurationIsVisible = 0;
			defaultConfigurationName = Release;
		};
		642895832460AB7B005361D0 /* Build configuration list for PBXNativeTarget "MarvelCards" */ = {
			isa = XCConfigurationList;
			buildConfigurations = (
				642895842460AB7B005361D0 /* Debug */,
				642895852460AB7B005361D0 /* Release */,
			);
			defaultConfigurationIsVisible = 0;
			defaultConfigurationName = Release;
		};
		642895862460AB7B005361D0 /* Build configuration list for PBXNativeTarget "MarvelCardsTests" */ = {
			isa = XCConfigurationList;
			buildConfigurations = (
				642895872460AB7B005361D0 /* Debug */,
				642895882460AB7B005361D0 /* Release */,
			);
			defaultConfigurationIsVisible = 0;
			defaultConfigurationName = Release;
		};
		642895892460AB7B005361D0 /* Build configuration list for PBXNativeTarget "MarvelCardsUITests" */ = {
			isa = XCConfigurationList;
			buildConfigurations = (
				6428958A2460AB7B005361D0 /* Debug */,
				6428958B2460AB7B005361D0 /* Release */,
			);
			defaultConfigurationIsVisible = 0;
			defaultConfigurationName = Release;
		};
/* End XCConfigurationList section */

/* Begin XCVersionGroup section */
		642895622460AB76005361D0 /* MarvelCards.xcdatamodeld */ = {
			isa = XCVersionGroup;
			children = (
				642895632460AB76005361D0 /* MarvelCards.xcdatamodel */,
			);
			currentVersion = 642895632460AB76005361D0 /* MarvelCards.xcdatamodel */;
			path = MarvelCards.xcdatamodeld;
			sourceTree = "<group>";
			versionGroupType = wrapper.xcdatamodel;
		};
/* End XCVersionGroup section */
	};
	rootObject = 6428954E2460AB76005361D0 /* Project object */;
}
